// !$*UTF8*$!
{
	archiveVersion = 1;
	classes = {
	};
	objectVersion = 55;
	objects = {

/* Begin PBXBuildFile section */
		1214F41329B8B25A00E525F4 /* AppDelegate.swift in Sources */ = {isa = PBXBuildFile; fileRef = 1214F41229B8B25A00E525F4 /* AppDelegate.swift */; };
		1214F41529B8B25A00E525F4 /* SceneDelegate.swift in Sources */ = {isa = PBXBuildFile; fileRef = 1214F41429B8B25A00E525F4 /* SceneDelegate.swift */; };
		1214F41C29B8B25E00E525F4 /* Assets.xcassets in Resources */ = {isa = PBXBuildFile; fileRef = 1214F41B29B8B25E00E525F4 /* Assets.xcassets */; };
		1214F41F29B8B25E00E525F4 /* LaunchScreen.storyboard in Resources */ = {isa = PBXBuildFile; fileRef = 1214F41D29B8B25E00E525F4 /* LaunchScreen.storyboard */; };
		1214F42729B91A7300E525F4 /* FeedViewController.swift in Sources */ = {isa = PBXBuildFile; fileRef = 1214F42629B91A7300E525F4 /* FeedViewController.swift */; };
		1214F42929B91A8C00E525F4 /* ProfileViewController.swift in Sources */ = {isa = PBXBuildFile; fileRef = 1214F42829B91A8C00E525F4 /* ProfileViewController.swift */; };
		1214F42B29B9B75000E525F4 /* PostViewController.swift in Sources */ = {isa = PBXBuildFile; fileRef = 1214F42A29B9B75000E525F4 /* PostViewController.swift */; };
		CB1924C529C987E8002EB421 /* LogInViewController.swift in Sources */ = {isa = PBXBuildFile; fileRef = CB1924C429C987E8002EB421 /* LogInViewController.swift */; };
		CB1924C729CAF36A002EB421 /* LoginButton.swift in Sources */ = {isa = PBXBuildFile; fileRef = CB1924C629CAF36A002EB421 /* LoginButton.swift */; };
		CB3C51A429D07F6400257E79 /* PostTableViewCell.swift in Sources */ = {isa = PBXBuildFile; fileRef = CB3C51A329D07F6300257E79 /* PostTableViewCell.swift */; };
		CB3C51AA29D3204000257E79 /* ExtationHeader.swift in Sources */ = {isa = PBXBuildFile; fileRef = CB3C51A929D3204000257E79 /* ExtationHeader.swift */; };
		CB3C51AD29D32A7A00257E79 /* DelimiterView.swift in Sources */ = {isa = PBXBuildFile; fileRef = CB3C51AC29D32A7A00257E79 /* DelimiterView.swift */; };
		CB3C51AF29D4603C00257E79 /* PhotosTableViewCell.swift in Sources */ = {isa = PBXBuildFile; fileRef = CB3C51AE29D4603C00257E79 /* PhotosTableViewCell.swift */; };
		CB3C51B429D4738D00257E79 /* PhotosViewController.swift in Sources */ = {isa = PBXBuildFile; fileRef = CB3C51B329D4738D00257E79 /* PhotosViewController.swift */; };
		CB3C51B729D5A99700257E79 /* PhotosCollectionViewCell.swift in Sources */ = {isa = PBXBuildFile; fileRef = CB3C51B629D5A99700257E79 /* PhotosCollectionViewCell.swift */; };
		CB3C51B929D6235600257E79 /* PhotosViewCell.swift in Sources */ = {isa = PBXBuildFile; fileRef = CB3C51B829D6235600257E79 /* PhotosViewCell.swift */; };
		CB4F95B629C0598200979B55 /* ProfileHeaderView.swift in Sources */ = {isa = PBXBuildFile; fileRef = CB4F95B529C0598100979B55 /* ProfileHeaderView.swift */; };
		CB50BB682A05162000E1158A /* User.swift in Sources */ = {isa = PBXBuildFile; fileRef = CB50BB672A05162000E1158A /* User.swift */; };
		CB50BB6A2A0516DF00E1158A /* UserService.swift in Sources */ = {isa = PBXBuildFile; fileRef = CB50BB692A0516DF00E1158A /* UserService.swift */; };
		CB50BB6C2A05195200E1158A /* CurrentUserService.swift in Sources */ = {isa = PBXBuildFile; fileRef = CB50BB6B2A05195200E1158A /* CurrentUserService.swift */; };
		CB50BB712A06A1C200E1158A /* TestUserService.swift in Sources */ = {isa = PBXBuildFile; fileRef = CB50BB702A06A1C100E1158A /* TestUserService.swift */; };
		CB50BB792A06AC4A00E1158A /* SnapKit in Frameworks */ = {isa = PBXBuildFile; productRef = CB50BB782A06AC4A00E1158A /* SnapKit */; };
		CB725F3B29FBB486006334EB /* StorageService.docc in Sources */ = {isa = PBXBuildFile; fileRef = CB725F3A29FBB486006334EB /* StorageService.docc */; };
		CB725F4129FBB486006334EB /* StorageService.framework in Frameworks */ = {isa = PBXBuildFile; fileRef = CB725F3729FBB486006334EB /* StorageService.framework */; };
		CB725F4829FBB487006334EB /* StorageServiceTests.swift in Sources */ = {isa = PBXBuildFile; fileRef = CB725F4729FBB487006334EB /* StorageServiceTests.swift */; };
		CB725F4C29FBB487006334EB /* StorageService.framework in Frameworks */ = {isa = PBXBuildFile; fileRef = CB725F3729FBB486006334EB /* StorageService.framework */; };
		CB725F4D29FBB487006334EB /* StorageService.framework in Embed Frameworks */ = {isa = PBXBuildFile; fileRef = CB725F3729FBB486006334EB /* StorageService.framework */; settings = {ATTRIBUTES = (CodeSignOnCopy, RemoveHeadersOnCopy, ); }; };
		CB725F5E29FD5EC9006334EB /* StorageService.h in Headers */ = {isa = PBXBuildFile; fileRef = CB725F3929FBB486006334EB /* StorageService.h */; settings = {ATTRIBUTES = (Public, ); }; };
		CB725F6529FD6560006334EB /* Post.swift in Sources */ = {isa = PBXBuildFile; fileRef = CB725F6429FD6560006334EB /* Post.swift */; };
		CB725F6729FD6572006334EB /* LikesViews.swift in Sources */ = {isa = PBXBuildFile; fileRef = CB725F6629FD6572006334EB /* LikesViews.swift */; };
		CB725F6929FD658C006334EB /* imageStark.swift in Sources */ = {isa = PBXBuildFile; fileRef = CB725F6829FD658C006334EB /* imageStark.swift */; };
		CB725F6B29FD65CB006334EB /* Data.swift in Sources */ = {isa = PBXBuildFile; fileRef = CB725F6A29FD65CB006334EB /* Data.swift */; };
		CB725F9829FDBBB3006334EB /* PostView.swift in Sources */ = {isa = PBXBuildFile; fileRef = CB725F9729FDBBB3006334EB /* PostView.swift */; };
		CB725F9A29FDBDB2006334EB /* PostView.swift in Sources */ = {isa = PBXBuildFile; fileRef = CB725F9729FDBBB3006334EB /* PostView.swift */; };
		CBCA919C29BB6DDB00D11098 /* InfoViewController.swift in Sources */ = {isa = PBXBuildFile; fileRef = CBCA919B29BB6DDB00D11098 /* InfoViewController.swift */; };
		CBD917FA2A0393B800E4FC7E /* iOSIntPackage in Frameworks */ = {isa = PBXBuildFile; productRef = CBD917F92A0393B800E4FC7E /* iOSIntPackage */; };
/* End PBXBuildFile section */

/* Begin PBXContainerItemProxy section */
		CB725F4229FBB486006334EB /* PBXContainerItemProxy */ = {
			isa = PBXContainerItemProxy;
			containerPortal = 1214F40729B8B25A00E525F4 /* Project object */;
			proxyType = 1;
			remoteGlobalIDString = CB725F3629FBB486006334EB;
			remoteInfo = StorageService;
		};
		CB725F4429FBB487006334EB /* PBXContainerItemProxy */ = {
			isa = PBXContainerItemProxy;
			containerPortal = 1214F40729B8B25A00E525F4 /* Project object */;
			proxyType = 1;
			remoteGlobalIDString = 1214F40E29B8B25A00E525F4;
			remoteInfo = Navigation;
		};
		CB725F4A29FBB487006334EB /* PBXContainerItemProxy */ = {
			isa = PBXContainerItemProxy;
			containerPortal = 1214F40729B8B25A00E525F4 /* Project object */;
			proxyType = 1;
			remoteGlobalIDString = CB725F3629FBB486006334EB;
			remoteInfo = StorageService;
		};
/* End PBXContainerItemProxy section */

/* Begin PBXCopyFilesBuildPhase section */
		CB725F4E29FBB487006334EB /* Embed Frameworks */ = {
			isa = PBXCopyFilesBuildPhase;
			buildActionMask = 2147483647;
			dstPath = "";
			dstSubfolderSpec = 10;
			files = (
				CB725F4D29FBB487006334EB /* StorageService.framework in Embed Frameworks */,
			);
			name = "Embed Frameworks";
			runOnlyForDeploymentPostprocessing = 0;
		};
/* End PBXCopyFilesBuildPhase section */

/* Begin PBXFileReference section */
		1214F40F29B8B25A00E525F4 /* Navigation.app */ = {isa = PBXFileReference; explicitFileType = wrapper.application; includeInIndex = 0; path = Navigation.app; sourceTree = BUILT_PRODUCTS_DIR; };
		1214F41229B8B25A00E525F4 /* AppDelegate.swift */ = {isa = PBXFileReference; lastKnownFileType = sourcecode.swift; path = AppDelegate.swift; sourceTree = "<group>"; };
		1214F41429B8B25A00E525F4 /* SceneDelegate.swift */ = {isa = PBXFileReference; lastKnownFileType = sourcecode.swift; path = SceneDelegate.swift; sourceTree = "<group>"; };
		1214F41B29B8B25E00E525F4 /* Assets.xcassets */ = {isa = PBXFileReference; lastKnownFileType = folder.assetcatalog; path = Assets.xcassets; sourceTree = "<group>"; };
		1214F41E29B8B25E00E525F4 /* Base */ = {isa = PBXFileReference; lastKnownFileType = file.storyboard; name = Base; path = Base.lproj/LaunchScreen.storyboard; sourceTree = "<group>"; };
		1214F42029B8B25E00E525F4 /* Info.plist */ = {isa = PBXFileReference; lastKnownFileType = text.plist.xml; path = Info.plist; sourceTree = "<group>"; };
		1214F42629B91A7300E525F4 /* FeedViewController.swift */ = {isa = PBXFileReference; lastKnownFileType = sourcecode.swift; path = FeedViewController.swift; sourceTree = "<group>"; };
		1214F42829B91A8C00E525F4 /* ProfileViewController.swift */ = {isa = PBXFileReference; lastKnownFileType = sourcecode.swift; path = ProfileViewController.swift; sourceTree = "<group>"; };
		1214F42A29B9B75000E525F4 /* PostViewController.swift */ = {isa = PBXFileReference; lastKnownFileType = sourcecode.swift; path = PostViewController.swift; sourceTree = "<group>"; };
		CB1924C429C987E8002EB421 /* LogInViewController.swift */ = {isa = PBXFileReference; lastKnownFileType = sourcecode.swift; path = LogInViewController.swift; sourceTree = "<group>"; };
		CB1924C629CAF36A002EB421 /* LoginButton.swift */ = {isa = PBXFileReference; lastKnownFileType = sourcecode.swift; path = LoginButton.swift; sourceTree = "<group>"; };
		CB3C51A329D07F6300257E79 /* PostTableViewCell.swift */ = {isa = PBXFileReference; lastKnownFileType = sourcecode.swift; path = PostTableViewCell.swift; sourceTree = "<group>"; };
		CB3C51A929D3204000257E79 /* ExtationHeader.swift */ = {isa = PBXFileReference; lastKnownFileType = sourcecode.swift; path = ExtationHeader.swift; sourceTree = "<group>"; };
		CB3C51AC29D32A7A00257E79 /* DelimiterView.swift */ = {isa = PBXFileReference; lastKnownFileType = sourcecode.swift; path = DelimiterView.swift; sourceTree = "<group>"; };
		CB3C51AE29D4603C00257E79 /* PhotosTableViewCell.swift */ = {isa = PBXFileReference; lastKnownFileType = sourcecode.swift; path = PhotosTableViewCell.swift; sourceTree = "<group>"; };
		CB3C51B329D4738D00257E79 /* PhotosViewController.swift */ = {isa = PBXFileReference; lastKnownFileType = sourcecode.swift; path = PhotosViewController.swift; sourceTree = "<group>"; };
		CB3C51B629D5A99700257E79 /* PhotosCollectionViewCell.swift */ = {isa = PBXFileReference; lastKnownFileType = sourcecode.swift; path = PhotosCollectionViewCell.swift; sourceTree = "<group>"; };
		CB3C51B829D6235600257E79 /* PhotosViewCell.swift */ = {isa = PBXFileReference; lastKnownFileType = sourcecode.swift; path = PhotosViewCell.swift; sourceTree = "<group>"; };
		CB4F95B529C0598100979B55 /* ProfileHeaderView.swift */ = {isa = PBXFileReference; lastKnownFileType = sourcecode.swift; path = ProfileHeaderView.swift; sourceTree = "<group>"; };
		CB50BB672A05162000E1158A /* User.swift */ = {isa = PBXFileReference; lastKnownFileType = sourcecode.swift; path = User.swift; sourceTree = "<group>"; };
		CB50BB692A0516DF00E1158A /* UserService.swift */ = {isa = PBXFileReference; lastKnownFileType = sourcecode.swift; path = UserService.swift; sourceTree = "<group>"; };
		CB50BB6B2A05195200E1158A /* CurrentUserService.swift */ = {isa = PBXFileReference; lastKnownFileType = sourcecode.swift; path = CurrentUserService.swift; sourceTree = "<group>"; };
		CB50BB702A06A1C100E1158A /* TestUserService.swift */ = {isa = PBXFileReference; lastKnownFileType = sourcecode.swift; path = TestUserService.swift; sourceTree = "<group>"; };
		CB725F3729FBB486006334EB /* StorageService.framework */ = {isa = PBXFileReference; explicitFileType = wrapper.framework; includeInIndex = 0; path = StorageService.framework; sourceTree = BUILT_PRODUCTS_DIR; };
		CB725F3929FBB486006334EB /* StorageService.h */ = {isa = PBXFileReference; lastKnownFileType = sourcecode.c.h; path = StorageService.h; sourceTree = "<group>"; };
		CB725F3A29FBB486006334EB /* StorageService.docc */ = {isa = PBXFileReference; lastKnownFileType = folder.documentationcatalog; path = StorageService.docc; sourceTree = "<group>"; };
		CB725F4029FBB486006334EB /* StorageServiceTests.xctest */ = {isa = PBXFileReference; explicitFileType = wrapper.cfbundle; includeInIndex = 0; path = StorageServiceTests.xctest; sourceTree = BUILT_PRODUCTS_DIR; };
		CB725F4729FBB487006334EB /* StorageServiceTests.swift */ = {isa = PBXFileReference; lastKnownFileType = sourcecode.swift; path = StorageServiceTests.swift; sourceTree = "<group>"; };
		CB725F6429FD6560006334EB /* Post.swift */ = {isa = PBXFileReference; lastKnownFileType = sourcecode.swift; path = Post.swift; sourceTree = "<group>"; };
		CB725F6629FD6572006334EB /* LikesViews.swift */ = {isa = PBXFileReference; lastKnownFileType = sourcecode.swift; path = LikesViews.swift; sourceTree = "<group>"; };
		CB725F6829FD658C006334EB /* imageStark.swift */ = {isa = PBXFileReference; lastKnownFileType = sourcecode.swift; path = imageStark.swift; sourceTree = "<group>"; };
		CB725F6A29FD65CB006334EB /* Data.swift */ = {isa = PBXFileReference; lastKnownFileType = sourcecode.swift; path = Data.swift; sourceTree = "<group>"; };
		CB725F9729FDBBB3006334EB /* PostView.swift */ = {isa = PBXFileReference; lastKnownFileType = sourcecode.swift; name = PostView.swift; path = StorageServiceTests/PostView.swift; sourceTree = SOURCE_ROOT; };
		CBCA919B29BB6DDB00D11098 /* InfoViewController.swift */ = {isa = PBXFileReference; lastKnownFileType = sourcecode.swift; path = InfoViewController.swift; sourceTree = "<group>"; };
/* End PBXFileReference section */

/* Begin PBXFrameworksBuildPhase section */
		1214F40C29B8B25A00E525F4 /* Frameworks */ = {
			isa = PBXFrameworksBuildPhase;
			buildActionMask = 2147483647;
			files = (
				CB50BB792A06AC4A00E1158A /* SnapKit in Frameworks */,
				CBD917FA2A0393B800E4FC7E /* iOSIntPackage in Frameworks */,
				CB725F4C29FBB487006334EB /* StorageService.framework in Frameworks */,
			);
			runOnlyForDeploymentPostprocessing = 0;
		};
		CB725F3429FBB486006334EB /* Frameworks */ = {
			isa = PBXFrameworksBuildPhase;
			buildActionMask = 2147483647;
			files = (
			);
			runOnlyForDeploymentPostprocessing = 0;
		};
		CB725F3D29FBB486006334EB /* Frameworks */ = {
			isa = PBXFrameworksBuildPhase;
			buildActionMask = 2147483647;
			files = (
				CB725F4129FBB486006334EB /* StorageService.framework in Frameworks */,
			);
			runOnlyForDeploymentPostprocessing = 0;
		};
/* End PBXFrameworksBuildPhase section */

/* Begin PBXGroup section */
		1214F40629B8B25A00E525F4 = {
			isa = PBXGroup;
			children = (
				1214F41129B8B25A00E525F4 /* Navigation */,
				CB725F3829FBB486006334EB /* StorageService */,
				CB725F4629FBB487006334EB /* StorageServiceTests */,
				1214F41029B8B25A00E525F4 /* Products */,
			);
			sourceTree = "<group>";
		};
		1214F41029B8B25A00E525F4 /* Products */ = {
			isa = PBXGroup;
			children = (
				1214F40F29B8B25A00E525F4 /* Navigation.app */,
				CB725F3729FBB486006334EB /* StorageService.framework */,
				CB725F4029FBB486006334EB /* StorageServiceTests.xctest */,
			);
			name = Products;
			sourceTree = "<group>";
		};
		1214F41129B8B25A00E525F4 /* Navigation */ = {
			isa = PBXGroup;
			children = (
				CB50BB662A0515D400E1158A /* DI */,
				CB725F6329FD6537006334EB /* Struct and Data */,
				CB3C51B529D5A95D00257E79 /* Photo Table */,
				CB3C51B229D472FF00257E79 /* Collection */,
				CB3C51B129D472E000257E79 /* Login */,
				CB3C51B029D472AE00257E79 /* Table */,
				CB3C51AB29D32A3F00257E79 /* delimiter */,
				CB4F95B429C0595900979B55 /* Profile */,
				1214F41229B8B25A00E525F4 /* AppDelegate.swift */,
				1214F41429B8B25A00E525F4 /* SceneDelegate.swift */,
				1214F42629B91A7300E525F4 /* FeedViewController.swift */,
				1214F42A29B9B75000E525F4 /* PostViewController.swift */,
				CBCA919B29BB6DDB00D11098 /* InfoViewController.swift */,
				1214F41B29B8B25E00E525F4 /* Assets.xcassets */,
				1214F41D29B8B25E00E525F4 /* LaunchScreen.storyboard */,
				1214F42029B8B25E00E525F4 /* Info.plist */,
			);
			path = Navigation;
			sourceTree = "<group>";
		};
		CB3C51AB29D32A3F00257E79 /* delimiter */ = {
			isa = PBXGroup;
			children = (
				CB3C51AC29D32A7A00257E79 /* DelimiterView.swift */,
			);
			path = delimiter;
			sourceTree = "<group>";
		};
		CB3C51B029D472AE00257E79 /* Table */ = {
			isa = PBXGroup;
			children = (
				1214F42829B91A8C00E525F4 /* ProfileViewController.swift */,
				CB3C51A329D07F6300257E79 /* PostTableViewCell.swift */,
				CB4F95B529C0598100979B55 /* ProfileHeaderView.swift */,
				CB3C51A929D3204000257E79 /* ExtationHeader.swift */,
			);
			path = Table;
			sourceTree = "<group>";
		};
		CB3C51B129D472E000257E79 /* Login */ = {
			isa = PBXGroup;
			children = (
				CB1924C429C987E8002EB421 /* LogInViewController.swift */,
				CB1924C629CAF36A002EB421 /* LoginButton.swift */,
			);
			path = Login;
			sourceTree = "<group>";
		};
		CB3C51B229D472FF00257E79 /* Collection */ = {
			isa = PBXGroup;
			children = (
				CB3C51B329D4738D00257E79 /* PhotosViewController.swift */,
				CB3C51B629D5A99700257E79 /* PhotosCollectionViewCell.swift */,
			);
			path = Collection;
			sourceTree = "<group>";
		};
		CB3C51B529D5A95D00257E79 /* Photo Table */ = {
			isa = PBXGroup;
			children = (
				CB3C51AE29D4603C00257E79 /* PhotosTableViewCell.swift */,
				CB3C51B829D6235600257E79 /* PhotosViewCell.swift */,
			);
			path = "Photo Table";
			sourceTree = "<group>";
		};
		CB4F95B429C0595900979B55 /* Profile */ = {
			isa = PBXGroup;
			children = (
			);
			path = Profile;
			sourceTree = "<group>";
		};
		CB50BB662A0515D400E1158A /* DI */ = {
			isa = PBXGroup;
			children = (
				CB50BB672A05162000E1158A /* User.swift */,
				CB50BB692A0516DF00E1158A /* UserService.swift */,
				CB50BB6B2A05195200E1158A /* CurrentUserService.swift */,
				CB50BB702A06A1C100E1158A /* TestUserService.swift */,
			);
			path = DI;
			sourceTree = "<group>";
		};
		CB725F3829FBB486006334EB /* StorageService */ = {
			isa = PBXGroup;
			children = (
				CB725F3929FBB486006334EB /* StorageService.h */,
				CB725F3A29FBB486006334EB /* StorageService.docc */,
			);
			path = StorageService;
			sourceTree = "<group>";
		};
		CB725F4629FBB487006334EB /* StorageServiceTests */ = {
			isa = PBXGroup;
			children = (
				CB725F4729FBB487006334EB /* StorageServiceTests.swift */,
				CB725F9729FDBBB3006334EB /* PostView.swift */,
			);
			path = StorageServiceTests;
			sourceTree = "<group>";
		};
		CB725F6329FD6537006334EB /* Struct and Data */ = {
			isa = PBXGroup;
			children = (
				CB725F6429FD6560006334EB /* Post.swift */,
				CB725F6629FD6572006334EB /* LikesViews.swift */,
				CB725F6829FD658C006334EB /* imageStark.swift */,
				CB725F6A29FD65CB006334EB /* Data.swift */,
			);
			path = "Struct and Data";
			sourceTree = "<group>";
		};
/* End PBXGroup section */

/* Begin PBXHeadersBuildPhase section */
		CB725F3229FBB486006334EB /* Headers */ = {
			isa = PBXHeadersBuildPhase;
			buildActionMask = 2147483647;
			files = (
				CB725F5E29FD5EC9006334EB /* StorageService.h in Headers */,
			);
			runOnlyForDeploymentPostprocessing = 0;
		};
/* End PBXHeadersBuildPhase section */

/* Begin PBXNativeTarget section */
		1214F40E29B8B25A00E525F4 /* Navigation */ = {
			isa = PBXNativeTarget;
			buildConfigurationList = 1214F42329B8B25E00E525F4 /* Build configuration list for PBXNativeTarget "Navigation" */;
			buildPhases = (
				1214F40B29B8B25A00E525F4 /* Sources */,
				1214F40C29B8B25A00E525F4 /* Frameworks */,
				1214F40D29B8B25A00E525F4 /* Resources */,
				CB725F4E29FBB487006334EB /* Embed Frameworks */,
			);
			buildRules = (
			);
			dependencies = (
				CB725F4B29FBB487006334EB /* PBXTargetDependency */,
			);
			name = Navigation;
			packageProductDependencies = (
				CBD917F92A0393B800E4FC7E /* iOSIntPackage */,
				CB50BB782A06AC4A00E1158A /* SnapKit */,
			);
			productName = Navigation;
			productReference = 1214F40F29B8B25A00E525F4 /* Navigation.app */;
			productType = "com.apple.product-type.application";
		};
		CB725F3629FBB486006334EB /* StorageService */ = {
			isa = PBXNativeTarget;
			buildConfigurationList = CB725F5329FBB487006334EB /* Build configuration list for PBXNativeTarget "StorageService" */;
			buildPhases = (
				CB725F3229FBB486006334EB /* Headers */,
				CB725F3329FBB486006334EB /* Sources */,
				CB725F3429FBB486006334EB /* Frameworks */,
				CB725F3529FBB486006334EB /* Resources */,
			);
			buildRules = (
			);
			dependencies = (
			);
			name = StorageService;
			productName = StorageService;
			productReference = CB725F3729FBB486006334EB /* StorageService.framework */;
			productType = "com.apple.product-type.framework";
		};
		CB725F3F29FBB486006334EB /* StorageServiceTests */ = {
			isa = PBXNativeTarget;
			buildConfigurationList = CB725F5429FBB487006334EB /* Build configuration list for PBXNativeTarget "StorageServiceTests" */;
			buildPhases = (
				CB725F3C29FBB486006334EB /* Sources */,
				CB725F3D29FBB486006334EB /* Frameworks */,
				CB725F3E29FBB486006334EB /* Resources */,
			);
			buildRules = (
			);
			dependencies = (
				CB725F4329FBB486006334EB /* PBXTargetDependency */,
				CB725F4529FBB487006334EB /* PBXTargetDependency */,
			);
			name = StorageServiceTests;
			productName = StorageServiceTests;
			productReference = CB725F4029FBB486006334EB /* StorageServiceTests.xctest */;
			productType = "com.apple.product-type.bundle.unit-test";
		};
/* End PBXNativeTarget section */

/* Begin PBXProject section */
		1214F40729B8B25A00E525F4 /* Project object */ = {
			isa = PBXProject;
			attributes = {
				BuildIndependentTargetsInParallel = 1;
				LastSwiftUpdateCheck = 1420;
				LastUpgradeCheck = 1320;
				TargetAttributes = {
					1214F40E29B8B25A00E525F4 = {
						CreatedOnToolsVersion = 13.2.1;
					};
					CB725F3629FBB486006334EB = {
						CreatedOnToolsVersion = 14.2;
					};
					CB725F3F29FBB486006334EB = {
						CreatedOnToolsVersion = 14.2;
						TestTargetID = 1214F40E29B8B25A00E525F4;
					};
				};
			};
			buildConfigurationList = 1214F40A29B8B25A00E525F4 /* Build configuration list for PBXProject "Navigation" */;
			compatibilityVersion = "Xcode 13.0";
			developmentRegion = en;
			hasScannedForEncodings = 0;
			knownRegions = (
				en,
				Base,
			);
			mainGroup = 1214F40629B8B25A00E525F4;
			packageReferences = (
				CBD917F82A0393B800E4FC7E /* XCRemoteSwiftPackageReference "iOSIntPackage" */,
				CB50BB772A06AC4A00E1158A /* XCRemoteSwiftPackageReference "SnapKit" */,
			);
			productRefGroup = 1214F41029B8B25A00E525F4 /* Products */;
			projectDirPath = "";
			projectRoot = "";
			targets = (
				1214F40E29B8B25A00E525F4 /* Navigation */,
				CB725F3629FBB486006334EB /* StorageService */,
				CB725F3F29FBB486006334EB /* StorageServiceTests */,
			);
		};
/* End PBXProject section */

/* Begin PBXResourcesBuildPhase section */
		1214F40D29B8B25A00E525F4 /* Resources */ = {
			isa = PBXResourcesBuildPhase;
			buildActionMask = 2147483647;
			files = (
				1214F41F29B8B25E00E525F4 /* LaunchScreen.storyboard in Resources */,
				1214F41C29B8B25E00E525F4 /* Assets.xcassets in Resources */,
			);
			runOnlyForDeploymentPostprocessing = 0;
		};
		CB725F3529FBB486006334EB /* Resources */ = {
			isa = PBXResourcesBuildPhase;
			buildActionMask = 2147483647;
			files = (
			);
			runOnlyForDeploymentPostprocessing = 0;
		};
		CB725F3E29FBB486006334EB /* Resources */ = {
			isa = PBXResourcesBuildPhase;
			buildActionMask = 2147483647;
			files = (
			);
			runOnlyForDeploymentPostprocessing = 0;
		};
/* End PBXResourcesBuildPhase section */

/* Begin PBXSourcesBuildPhase section */
		1214F40B29B8B25A00E525F4 /* Sources */ = {
			isa = PBXSourcesBuildPhase;
			buildActionMask = 2147483647;
			files = (
				CB3C51A429D07F6400257E79 /* PostTableViewCell.swift in Sources */,
				1214F42B29B9B75000E525F4 /* PostViewController.swift in Sources */,
				CB4F95B629C0598200979B55 /* ProfileHeaderView.swift in Sources */,
				CB1924C529C987E8002EB421 /* LogInViewController.swift in Sources */,
				CB3C51B729D5A99700257E79 /* PhotosCollectionViewCell.swift in Sources */,
				CB3C51B929D6235600257E79 /* PhotosViewCell.swift in Sources */,
				CB50BB6A2A0516DF00E1158A /* UserService.swift in Sources */,
				1214F41329B8B25A00E525F4 /* AppDelegate.swift in Sources */,
				CB50BB712A06A1C200E1158A /* TestUserService.swift in Sources */,
				1214F42929B91A8C00E525F4 /* ProfileViewController.swift in Sources */,
				CB1924C729CAF36A002EB421 /* LoginButton.swift in Sources */,
				CBCA919C29BB6DDB00D11098 /* InfoViewController.swift in Sources */,
				CB725F6929FD658C006334EB /* imageStark.swift in Sources */,
				CB3C51AF29D4603C00257E79 /* PhotosTableViewCell.swift in Sources */,
				CB3C51AA29D3204000257E79 /* ExtationHeader.swift in Sources */,
				CB725F6729FD6572006334EB /* LikesViews.swift in Sources */,
				CB725F6B29FD65CB006334EB /* Data.swift in Sources */,
				1214F42729B91A7300E525F4 /* FeedViewController.swift in Sources */,
				CB50BB6C2A05195200E1158A /* CurrentUserService.swift in Sources */,
				CB3C51B429D4738D00257E79 /* PhotosViewController.swift in Sources */,
				CB3C51AD29D32A7A00257E79 /* DelimiterView.swift in Sources */,
				CB725F6529FD6560006334EB /* Post.swift in Sources */,
				1214F41529B8B25A00E525F4 /* SceneDelegate.swift in Sources */,
				CB50BB682A05162000E1158A /* User.swift in Sources */,
			);
			runOnlyForDeploymentPostprocessing = 0;
		};
		CB725F3329FBB486006334EB /* Sources */ = {
			isa = PBXSourcesBuildPhase;
			buildActionMask = 2147483647;
			files = (
				CB725F9A29FDBDB2006334EB /* PostView.swift in Sources */,
				CB725F3B29FBB486006334EB /* StorageService.docc in Sources */,
			);
			runOnlyForDeploymentPostprocessing = 0;
		};
		CB725F3C29FBB486006334EB /* Sources */ = {
			isa = PBXSourcesBuildPhase;
			buildActionMask = 2147483647;
			files = (
				CB725F9829FDBBB3006334EB /* PostView.swift in Sources */,
				CB725F4829FBB487006334EB /* StorageServiceTests.swift in Sources */,
			);
			runOnlyForDeploymentPostprocessing = 0;
		};
/* End PBXSourcesBuildPhase section */

/* Begin PBXTargetDependency section */
		CB725F4329FBB486006334EB /* PBXTargetDependency */ = {
			isa = PBXTargetDependency;
			target = CB725F3629FBB486006334EB /* StorageService */;
			targetProxy = CB725F4229FBB486006334EB /* PBXContainerItemProxy */;
		};
		CB725F4529FBB487006334EB /* PBXTargetDependency */ = {
			isa = PBXTargetDependency;
			target = 1214F40E29B8B25A00E525F4 /* Navigation */;
			targetProxy = CB725F4429FBB487006334EB /* PBXContainerItemProxy */;
		};
		CB725F4B29FBB487006334EB /* PBXTargetDependency */ = {
			isa = PBXTargetDependency;
			target = CB725F3629FBB486006334EB /* StorageService */;
			targetProxy = CB725F4A29FBB487006334EB /* PBXContainerItemProxy */;
		};
/* End PBXTargetDependency section */

/* Begin PBXVariantGroup section */
		1214F41D29B8B25E00E525F4 /* LaunchScreen.storyboard */ = {
			isa = PBXVariantGroup;
			children = (
				1214F41E29B8B25E00E525F4 /* Base */,
			);
			name = LaunchScreen.storyboard;
			sourceTree = "<group>";
		};
/* End PBXVariantGroup section */

/* Begin XCBuildConfiguration section */
		1214F42129B8B25E00E525F4 /* Debug */ = {
			isa = XCBuildConfiguration;
			buildSettings = {
				ALWAYS_SEARCH_USER_PATHS = NO;
				CLANG_ANALYZER_NONNULL = YES;
				CLANG_ANALYZER_NUMBER_OBJECT_CONVERSION = YES_AGGRESSIVE;
				CLANG_CXX_LANGUAGE_STANDARD = "gnu++17";
				CLANG_CXX_LIBRARY = "libc++";
				CLANG_ENABLE_MODULES = YES;
				CLANG_ENABLE_OBJC_ARC = YES;
				CLANG_ENABLE_OBJC_WEAK = YES;
				CLANG_WARN_BLOCK_CAPTURE_AUTORELEASING = YES;
				CLANG_WARN_BOOL_CONVERSION = YES;
				CLANG_WARN_COMMA = YES;
				CLANG_WARN_CONSTANT_CONVERSION = YES;
				CLANG_WARN_DEPRECATED_OBJC_IMPLEMENTATIONS = YES;
				CLANG_WARN_DIRECT_OBJC_ISA_USAGE = YES_ERROR;
				CLANG_WARN_DOCUMENTATION_COMMENTS = YES;
				CLANG_WARN_EMPTY_BODY = YES;
				CLANG_WARN_ENUM_CONVERSION = YES;
				CLANG_WARN_INFINITE_RECURSION = YES;
				CLANG_WARN_INT_CONVERSION = YES;
				CLANG_WARN_NON_LITERAL_NULL_CONVERSION = YES;
				CLANG_WARN_OBJC_IMPLICIT_RETAIN_SELF = YES;
				CLANG_WARN_OBJC_LITERAL_CONVERSION = YES;
				CLANG_WARN_OBJC_ROOT_CLASS = YES_ERROR;
				CLANG_WARN_QUOTED_INCLUDE_IN_FRAMEWORK_HEADER = YES;
				CLANG_WARN_RANGE_LOOP_ANALYSIS = YES;
				CLANG_WARN_STRICT_PROTOTYPES = YES;
				CLANG_WARN_SUSPICIOUS_MOVE = YES;
				CLANG_WARN_UNGUARDED_AVAILABILITY = YES_AGGRESSIVE;
				CLANG_WARN_UNREACHABLE_CODE = YES;
				CLANG_WARN__DUPLICATE_METHOD_MATCH = YES;
				COPY_PHASE_STRIP = NO;
				DEBUG_INFORMATION_FORMAT = dwarf;
				ENABLE_STRICT_OBJC_MSGSEND = YES;
				ENABLE_TESTABILITY = YES;
				GCC_C_LANGUAGE_STANDARD = gnu11;
				GCC_DYNAMIC_NO_PIC = NO;
				GCC_NO_COMMON_BLOCKS = YES;
				GCC_OPTIMIZATION_LEVEL = 0;
				GCC_PREPROCESSOR_DEFINITIONS = (
					"DEBUG=1",
					"$(inherited)",
				);
				GCC_WARN_64_TO_32_BIT_CONVERSION = YES;
				GCC_WARN_ABOUT_RETURN_TYPE = YES_ERROR;
				GCC_WARN_UNDECLARED_SELECTOR = YES;
				GCC_WARN_UNINITIALIZED_AUTOS = YES_AGGRESSIVE;
				GCC_WARN_UNUSED_FUNCTION = YES;
				GCC_WARN_UNUSED_VARIABLE = YES;
				IPHONEOS_DEPLOYMENT_TARGET = 15.2;
				MTL_ENABLE_DEBUG_INFO = INCLUDE_SOURCE;
				MTL_FAST_MATH = YES;
				ONLY_ACTIVE_ARCH = YES;
				SDKROOT = iphoneos;
				SWIFT_ACTIVE_COMPILATION_CONDITIONS = DEBUG;
				SWIFT_OPTIMIZATION_LEVEL = "-Onone";
			};
			name = Debug;
		};
		1214F42229B8B25E00E525F4 /* Release */ = {
			isa = XCBuildConfiguration;
			buildSettings = {
				ALWAYS_SEARCH_USER_PATHS = NO;
				CLANG_ANALYZER_NONNULL = YES;
				CLANG_ANALYZER_NUMBER_OBJECT_CONVERSION = YES_AGGRESSIVE;
				CLANG_CXX_LANGUAGE_STANDARD = "gnu++17";
				CLANG_CXX_LIBRARY = "libc++";
				CLANG_ENABLE_MODULES = YES;
				CLANG_ENABLE_OBJC_ARC = YES;
				CLANG_ENABLE_OBJC_WEAK = YES;
				CLANG_WARN_BLOCK_CAPTURE_AUTORELEASING = YES;
				CLANG_WARN_BOOL_CONVERSION = YES;
				CLANG_WARN_COMMA = YES;
				CLANG_WARN_CONSTANT_CONVERSION = YES;
				CLANG_WARN_DEPRECATED_OBJC_IMPLEMENTATIONS = YES;
				CLANG_WARN_DIRECT_OBJC_ISA_USAGE = YES_ERROR;
				CLANG_WARN_DOCUMENTATION_COMMENTS = YES;
				CLANG_WARN_EMPTY_BODY = YES;
				CLANG_WARN_ENUM_CONVERSION = YES;
				CLANG_WARN_INFINITE_RECURSION = YES;
				CLANG_WARN_INT_CONVERSION = YES;
				CLANG_WARN_NON_LITERAL_NULL_CONVERSION = YES;
				CLANG_WARN_OBJC_IMPLICIT_RETAIN_SELF = YES;
				CLANG_WARN_OBJC_LITERAL_CONVERSION = YES;
				CLANG_WARN_OBJC_ROOT_CLASS = YES_ERROR;
				CLANG_WARN_QUOTED_INCLUDE_IN_FRAMEWORK_HEADER = YES;
				CLANG_WARN_RANGE_LOOP_ANALYSIS = YES;
				CLANG_WARN_STRICT_PROTOTYPES = YES;
				CLANG_WARN_SUSPICIOUS_MOVE = YES;
				CLANG_WARN_UNGUARDED_AVAILABILITY = YES_AGGRESSIVE;
				CLANG_WARN_UNREACHABLE_CODE = YES;
				CLANG_WARN__DUPLICATE_METHOD_MATCH = YES;
				COPY_PHASE_STRIP = NO;
				DEBUG_INFORMATION_FORMAT = "dwarf-with-dsym";
				ENABLE_NS_ASSERTIONS = NO;
				ENABLE_STRICT_OBJC_MSGSEND = YES;
				GCC_C_LANGUAGE_STANDARD = gnu11;
				GCC_NO_COMMON_BLOCKS = YES;
				GCC_WARN_64_TO_32_BIT_CONVERSION = YES;
				GCC_WARN_ABOUT_RETURN_TYPE = YES_ERROR;
				GCC_WARN_UNDECLARED_SELECTOR = YES;
				GCC_WARN_UNINITIALIZED_AUTOS = YES_AGGRESSIVE;
				GCC_WARN_UNUSED_FUNCTION = YES;
				GCC_WARN_UNUSED_VARIABLE = YES;
				IPHONEOS_DEPLOYMENT_TARGET = 15.2;
				MTL_ENABLE_DEBUG_INFO = NO;
				MTL_FAST_MATH = YES;
				SDKROOT = iphoneos;
				SWIFT_COMPILATION_MODE = wholemodule;
				SWIFT_OPTIMIZATION_LEVEL = "-O";
				VALIDATE_PRODUCT = YES;
			};
			name = Release;
		};
		1214F42429B8B25E00E525F4 /* Debug */ = {
			isa = XCBuildConfiguration;
			buildSettings = {
				ALWAYS_EMBED_SWIFT_STANDARD_LIBRARIES = YES;
				ASSETCATALOG_COMPILER_APPICON_NAME = AppIcon;
				ASSETCATALOG_COMPILER_GLOBAL_ACCENT_COLOR_NAME = AccentColor;
				CODE_SIGN_STYLE = Automatic;
				CURRENT_PROJECT_VERSION = 1;
				GENERATE_INFOPLIST_FILE = YES;
				INFOPLIST_FILE = Navigation/Info.plist;
				INFOPLIST_KEY_UIApplicationSupportsIndirectInputEvents = YES;
				INFOPLIST_KEY_UILaunchStoryboardName = LaunchScreen;
				INFOPLIST_KEY_UISupportedInterfaceOrientations = "UIInterfaceOrientationLandscapeLeft UIInterfaceOrientationLandscapeRight UIInterfaceOrientationPortrait";
				INFOPLIST_KEY_UISupportedInterfaceOrientations_iPad = "UIInterfaceOrientationLandscapeLeft UIInterfaceOrientationLandscapeRight UIInterfaceOrientationPortrait UIInterfaceOrientationPortraitUpsideDown";
				IPHONEOS_DEPLOYMENT_TARGET = 13.0;
				LD_RUNPATH_SEARCH_PATHS = (
					"$(inherited)",
					"@executable_path/Frameworks",
				);
				MARKETING_VERSION = 1.0;
				PRODUCT_BUNDLE_IDENTIFIER = com.exercise..Navigation;
				PRODUCT_NAME = "$(TARGET_NAME)";
				SWIFT_EMIT_LOC_STRINGS = YES;
				SWIFT_VERSION = 5.0;
				TARGETED_DEVICE_FAMILY = 1;
			};
			name = Debug;
		};
		1214F42529B8B25E00E525F4 /* Release */ = {
			isa = XCBuildConfiguration;
			buildSettings = {
				ALWAYS_EMBED_SWIFT_STANDARD_LIBRARIES = YES;
				ASSETCATALOG_COMPILER_APPICON_NAME = AppIcon;
				ASSETCATALOG_COMPILER_GLOBAL_ACCENT_COLOR_NAME = AccentColor;
				CODE_SIGN_STYLE = Automatic;
				CURRENT_PROJECT_VERSION = 1;
				GENERATE_INFOPLIST_FILE = YES;
				INFOPLIST_FILE = Navigation/Info.plist;
				INFOPLIST_KEY_UIApplicationSupportsIndirectInputEvents = YES;
				INFOPLIST_KEY_UILaunchStoryboardName = LaunchScreen;
				INFOPLIST_KEY_UISupportedInterfaceOrientations = "UIInterfaceOrientationLandscapeLeft UIInterfaceOrientationLandscapeRight UIInterfaceOrientationPortrait";
				INFOPLIST_KEY_UISupportedInterfaceOrientations_iPad = "UIInterfaceOrientationLandscapeLeft UIInterfaceOrientationLandscapeRight UIInterfaceOrientationPortrait UIInterfaceOrientationPortraitUpsideDown";
				IPHONEOS_DEPLOYMENT_TARGET = 13.0;
				LD_RUNPATH_SEARCH_PATHS = (
					"$(inherited)",
					"@executable_path/Frameworks",
				);
				MARKETING_VERSION = 1.0;
				PRODUCT_BUNDLE_IDENTIFIER = com.exercise..Navigation;
				PRODUCT_NAME = "$(TARGET_NAME)";
				SWIFT_EMIT_LOC_STRINGS = YES;
				SWIFT_VERSION = 5.0;
				TARGETED_DEVICE_FAMILY = 1;
			};
			name = Release;
		};
		CB725F4F29FBB487006334EB /* Debug */ = {
			isa = XCBuildConfiguration;
			buildSettings = {
				CLANG_CXX_LANGUAGE_STANDARD = "gnu++20";
				CODE_SIGN_STYLE = Automatic;
				CURRENT_PROJECT_VERSION = 1;
				DEFINES_MODULE = YES;
				DYLIB_COMPATIBILITY_VERSION = 1;
				DYLIB_CURRENT_VERSION = 1;
				DYLIB_INSTALL_NAME_BASE = "@rpath";
				GENERATE_INFOPLIST_FILE = YES;
				INFOPLIST_KEY_NSHumanReadableCopyright = "";
				INSTALL_PATH = "$(LOCAL_LIBRARY_DIR)/Frameworks";
				IPHONEOS_DEPLOYMENT_TARGET = 13.0;
				LD_RUNPATH_SEARCH_PATHS = (
					"$(inherited)",
					"@executable_path/Frameworks",
					"@loader_path/Frameworks",
				);
				MARKETING_VERSION = 1.0;
				PRODUCT_BUNDLE_IDENTIFIER = com.StorageService;
				PRODUCT_NAME = "$(TARGET_NAME:c99extidentifier)";
				SKIP_INSTALL = YES;
				SWIFT_EMIT_LOC_STRINGS = YES;
				SWIFT_VERSION = 5.0;
				TARGETED_DEVICE_FAMILY = "1,2";
				VERSIONING_SYSTEM = "apple-generic";
				VERSION_INFO_PREFIX = "";
			};
			name = Debug;
		};
		CB725F5029FBB487006334EB /* Release */ = {
			isa = XCBuildConfiguration;
			buildSettings = {
				CLANG_CXX_LANGUAGE_STANDARD = "gnu++20";
				CODE_SIGN_STYLE = Automatic;
				CURRENT_PROJECT_VERSION = 1;
				DEFINES_MODULE = YES;
				DYLIB_COMPATIBILITY_VERSION = 1;
				DYLIB_CURRENT_VERSION = 1;
				DYLIB_INSTALL_NAME_BASE = "@rpath";
				GENERATE_INFOPLIST_FILE = YES;
				INFOPLIST_KEY_NSHumanReadableCopyright = "";
				INSTALL_PATH = "$(LOCAL_LIBRARY_DIR)/Frameworks";
				IPHONEOS_DEPLOYMENT_TARGET = 13.0;
				LD_RUNPATH_SEARCH_PATHS = (
					"$(inherited)",
					"@executable_path/Frameworks",
					"@loader_path/Frameworks",
				);
				MARKETING_VERSION = 1.0;
				PRODUCT_BUNDLE_IDENTIFIER = com.StorageService;
				PRODUCT_NAME = "$(TARGET_NAME:c99extidentifier)";
				SKIP_INSTALL = YES;
				SWIFT_EMIT_LOC_STRINGS = YES;
				SWIFT_VERSION = 5.0;
				TARGETED_DEVICE_FAMILY = "1,2";
				VERSIONING_SYSTEM = "apple-generic";
				VERSION_INFO_PREFIX = "";
			};
			name = Release;
		};
		CB725F5129FBB487006334EB /* Debug */ = {
			isa = XCBuildConfiguration;
			buildSettings = {
				ALWAYS_EMBED_SWIFT_STANDARD_LIBRARIES = YES;
				CLANG_CXX_LANGUAGE_STANDARD = "gnu++20";
				CODE_SIGN_STYLE = Automatic;
				CURRENT_PROJECT_VERSION = 1;
				GENERATE_INFOPLIST_FILE = YES;
				IPHONEOS_DEPLOYMENT_TARGET = 13.0;
				MARKETING_VERSION = 1.0;
				PRODUCT_BUNDLE_IDENTIFIER = com.StorageServiceTests;
				PRODUCT_NAME = "$(TARGET_NAME)";
				SWIFT_EMIT_LOC_STRINGS = NO;
				SWIFT_VERSION = 5.0;
				TARGETED_DEVICE_FAMILY = "1,2";
				TEST_HOST = "$(BUILT_PRODUCTS_DIR)/Navigation.app/$(BUNDLE_EXECUTABLE_FOLDER_PATH)/Navigation";
			};
			name = Debug;
		};
		CB725F5229FBB487006334EB /* Release */ = {
			isa = XCBuildConfiguration;
			buildSettings = {
				ALWAYS_EMBED_SWIFT_STANDARD_LIBRARIES = YES;
				CLANG_CXX_LANGUAGE_STANDARD = "gnu++20";
				CODE_SIGN_STYLE = Automatic;
				CURRENT_PROJECT_VERSION = 1;
				GENERATE_INFOPLIST_FILE = YES;
				IPHONEOS_DEPLOYMENT_TARGET = 13.0;
				MARKETING_VERSION = 1.0;
				PRODUCT_BUNDLE_IDENTIFIER = com.StorageServiceTests;
				PRODUCT_NAME = "$(TARGET_NAME)";
				SWIFT_EMIT_LOC_STRINGS = NO;
				SWIFT_VERSION = 5.0;
				TARGETED_DEVICE_FAMILY = "1,2";
				TEST_HOST = "$(BUILT_PRODUCTS_DIR)/Navigation.app/$(BUNDLE_EXECUTABLE_FOLDER_PATH)/Navigation";
			};
			name = Release;
		};
/* End XCBuildConfiguration section */

/* Begin XCConfigurationList section */
		1214F40A29B8B25A00E525F4 /* Build configuration list for PBXProject "Navigation" */ = {
			isa = XCConfigurationList;
			buildConfigurations = (
				1214F42129B8B25E00E525F4 /* Debug */,
				1214F42229B8B25E00E525F4 /* Release */,
			);
			defaultConfigurationIsVisible = 0;
			defaultConfigurationName = Release;
		};
		1214F42329B8B25E00E525F4 /* Build configuration list for PBXNativeTarget "Navigation" */ = {
			isa = XCConfigurationList;
			buildConfigurations = (
				1214F42429B8B25E00E525F4 /* Debug */,
				1214F42529B8B25E00E525F4 /* Release */,
			);
			defaultConfigurationIsVisible = 0;
			defaultConfigurationName = Release;
		};
		CB725F5329FBB487006334EB /* Build configuration list for PBXNativeTarget "StorageService" */ = {
			isa = XCConfigurationList;
			buildConfigurations = (
				CB725F4F29FBB487006334EB /* Debug */,
				CB725F5029FBB487006334EB /* Release */,
			);
			defaultConfigurationIsVisible = 0;
			defaultConfigurationName = Release;
		};
		CB725F5429FBB487006334EB /* Build configuration list for PBXNativeTarget "StorageServiceTests" */ = {
			isa = XCConfigurationList;
			buildConfigurations = (
				CB725F5129FBB487006334EB /* Debug */,
				CB725F5229FBB487006334EB /* Release */,
			);
			defaultConfigurationIsVisible = 0;
			defaultConfigurationName = Release;
		};
/* End XCConfigurationList section */

/* Begin XCRemoteSwiftPackageReference section */
		CB50BB772A06AC4A00E1158A /* XCRemoteSwiftPackageReference "SnapKit" */ = {
			isa = XCRemoteSwiftPackageReference;
			repositoryURL = "https://github.com/SnapKit/SnapKit.git";
			requirement = {
				kind = upToNextMinorVersion;
				minimumVersion = 5.6.0;
			};
		};
		CBD917F82A0393B800E4FC7E /* XCRemoteSwiftPackageReference "iOSIntPackage" */ = {
			isa = XCRemoteSwiftPackageReference;
			repositoryURL = "https://github.com/TrueMax/iOSIntPackage";
			requirement = {
				kind = upToNextMinorVersion;
				minimumVersion = 2.2.0;
			};
		};
/* End XCRemoteSwiftPackageReference section */

/* Begin XCSwiftPackageProductDependency section */
		CB50BB782A06AC4A00E1158A /* SnapKit */ = {
			isa = XCSwiftPackageProductDependency;
			package = CB50BB772A06AC4A00E1158A /* XCRemoteSwiftPackageReference "SnapKit" */;
			productName = SnapKit;
		};
		CBD917F92A0393B800E4FC7E /* iOSIntPackage */ = {
			isa = XCSwiftPackageProductDependency;
			package = CBD917F82A0393B800E4FC7E /* XCRemoteSwiftPackageReference "iOSIntPackage" */;
			productName = iOSIntPackage;
		};
/* End XCSwiftPackageProductDependency section */
	};
	rootObject = 1214F40729B8B25A00E525F4 /* Project object */;
}
