// !$*UTF8*$!
{
	archiveVersion = 1;
	classes = {
	};
	objectVersion = 55;
	objects = {

/* Begin PBXBuildFile section */
		1214F41329B8B25A00E525F4 /* AppDelegate.swift in Sources */ = {isa = PBXBuildFile; fileRef = 1214F41229B8B25A00E525F4 /* AppDelegate.swift */; };
		1214F41529B8B25A00E525F4 /* SceneDelegate.swift in Sources */ = {isa = PBXBuildFile; fileRef = 1214F41429B8B25A00E525F4 /* SceneDelegate.swift */; };
		1214F41C29B8B25E00E525F4 /* Assets.xcassets in Resources */ = {isa = PBXBuildFile; fileRef = 1214F41B29B8B25E00E525F4 /* Assets.xcassets */; };
		1214F41F29B8B25E00E525F4 /* LaunchScreen.storyboard in Resources */ = {isa = PBXBuildFile; fileRef = 1214F41D29B8B25E00E525F4 /* LaunchScreen.storyboard */; };
		1214F42729B91A7300E525F4 /* FeedViewController.swift in Sources */ = {isa = PBXBuildFile; fileRef = 1214F42629B91A7300E525F4 /* FeedViewController.swift */; };
		1214F42929B91A8C00E525F4 /* ProfileViewController.swift in Sources */ = {isa = PBXBuildFile; fileRef = 1214F42829B91A8C00E525F4 /* ProfileViewController.swift */; };
		1214F42B29B9B75000E525F4 /* PostViewController.swift in Sources */ = {isa = PBXBuildFile; fileRef = 1214F42A29B9B75000E525F4 /* PostViewController.swift */; };
		CB02BCC22A8CC50200C776C1 /* InfoPlist.strings in Resources */ = {isa = PBXBuildFile; fileRef = CB02BCC42A8CC50200C776C1 /* InfoPlist.strings */; };
		CB1924C529C987E8002EB421 /* LogInViewController.swift in Sources */ = {isa = PBXBuildFile; fileRef = CB1924C429C987E8002EB421 /* LogInViewController.swift */; };
		CB1924C729CAF36A002EB421 /* CustomButton.swift in Sources */ = {isa = PBXBuildFile; fileRef = CB1924C629CAF36A002EB421 /* CustomButton.swift */; };
		CB19C8A32A49B1D30042E33A /* NetworkManager.swift in Sources */ = {isa = PBXBuildFile; fileRef = CB19C8A22A49B1D30042E33A /* NetworkManager.swift */; };
		CB19C8CA2A5003730042E33A /* JSONSerialization.swift in Sources */ = {isa = PBXBuildFile; fileRef = CB19C8C92A5003730042E33A /* JSONSerialization.swift */; };
		CB19C8CD2A5067A80042E33A /* JSONDecoder.swift in Sources */ = {isa = PBXBuildFile; fileRef = CB19C8CC2A5067A80042E33A /* JSONDecoder.swift */; };
		CB19C8CF2A519E080042E33A /* GoogleService-Info.plist in Resources */ = {isa = PBXBuildFile; fileRef = CB19C8CE2A519E080042E33A /* GoogleService-Info.plist */; };
		CB19C8E62A5594EB0042E33A /* CheckerService.swift in Sources */ = {isa = PBXBuildFile; fileRef = CB19C8E52A5594EB0042E33A /* CheckerService.swift */; };
		CB19C8E82A55E4B30042E33A /* TextPicker.swift in Sources */ = {isa = PBXBuildFile; fileRef = CB19C8E72A55E4B30042E33A /* TextPicker.swift */; };
		CB19C8EB2A57E0C00042E33A /* FirebaseAuth in Frameworks */ = {isa = PBXBuildFile; productRef = CB19C8EA2A57E0C00042E33A /* FirebaseAuth */; };
		CB19C9232A5FEF1A0042E33A /* Realm in Frameworks */ = {isa = PBXBuildFile; productRef = CB19C9222A5FEF1A0042E33A /* Realm */; };
		CB19C9252A5FEF1A0042E33A /* RealmSwift in Frameworks */ = {isa = PBXBuildFile; productRef = CB19C9242A5FEF1A0042E33A /* RealmSwift */; };
		CB19C9282A5FF1B20042E33A /* RealmService.swift in Sources */ = {isa = PBXBuildFile; fileRef = CB19C9272A5FF1B20042E33A /* RealmService.swift */; };
		CB19C92A2A5FF8500042E33A /* RealmModel.swift in Sources */ = {isa = PBXBuildFile; fileRef = CB19C9292A5FF8500042E33A /* RealmModel.swift */; };
		CB19C92C2A608D870042E33A /* RealmViewController.swift in Sources */ = {isa = PBXBuildFile; fileRef = CB19C92B2A608D860042E33A /* RealmViewController.swift */; };
		CB19C92E2A61803A0042E33A /* LoginModel.swift in Sources */ = {isa = PBXBuildFile; fileRef = CB19C92D2A61803A0042E33A /* LoginModel.swift */; };
		CB19C9482A70086E0042E33A /* LikePostCoordinator.swift in Sources */ = {isa = PBXBuildFile; fileRef = CB19C9472A70086E0042E33A /* LikePostCoordinator.swift */; };
		CB19C94B2A70090F0042E33A /* LikePostViewController.swift in Sources */ = {isa = PBXBuildFile; fileRef = CB19C94A2A70090E0042E33A /* LikePostViewController.swift */; };
		CB19C94D2A728A4C0042E33A /* CoreDataService.swift in Sources */ = {isa = PBXBuildFile; fileRef = CB19C94C2A728A4C0042E33A /* CoreDataService.swift */; };
		CB19C9502A728E2E0042E33A /* CoreDataProject.xcdatamodeld in Sources */ = {isa = PBXBuildFile; fileRef = CB19C94E2A728E2E0042E33A /* CoreDataProject.xcdatamodeld */; };
		CB1C502D2A8A57DC0044210A /* MapCoordinator.swift in Sources */ = {isa = PBXBuildFile; fileRef = CB1C502C2A8A57DC0044210A /* MapCoordinator.swift */; };
		CB1C50302A8A66A00044210A /* MapViewController.swift in Sources */ = {isa = PBXBuildFile; fileRef = CB1C502F2A8A669F0044210A /* MapViewController.swift */; };
		CB3C51A429D07F6400257E79 /* PostTableViewCell.swift in Sources */ = {isa = PBXBuildFile; fileRef = CB3C51A329D07F6300257E79 /* PostTableViewCell.swift */; };
		CB3C51AA29D3204000257E79 /* ExtationHeader.swift in Sources */ = {isa = PBXBuildFile; fileRef = CB3C51A929D3204000257E79 /* ExtationHeader.swift */; };
		CB3C51AD29D32A7A00257E79 /* DelimiterView.swift in Sources */ = {isa = PBXBuildFile; fileRef = CB3C51AC29D32A7A00257E79 /* DelimiterView.swift */; };
		CB3C51AF29D4603C00257E79 /* PhotosTableViewCell.swift in Sources */ = {isa = PBXBuildFile; fileRef = CB3C51AE29D4603C00257E79 /* PhotosTableViewCell.swift */; };
		CB3C51B429D4738D00257E79 /* PhotosViewController.swift in Sources */ = {isa = PBXBuildFile; fileRef = CB3C51B329D4738D00257E79 /* PhotosViewController.swift */; };
		CB3C51B729D5A99700257E79 /* PhotosCollectionViewCell.swift in Sources */ = {isa = PBXBuildFile; fileRef = CB3C51B629D5A99700257E79 /* PhotosCollectionViewCell.swift */; };
		CB3C51B929D6235600257E79 /* PhotosViewCell.swift in Sources */ = {isa = PBXBuildFile; fileRef = CB3C51B829D6235600257E79 /* PhotosViewCell.swift */; };
		CB4F95B629C0598200979B55 /* ProfileHeaderView.swift in Sources */ = {isa = PBXBuildFile; fileRef = CB4F95B529C0598100979B55 /* ProfileHeaderView.swift */; };
		CB50BB682A05162000E1158A /* User.swift in Sources */ = {isa = PBXBuildFile; fileRef = CB50BB672A05162000E1158A /* User.swift */; };
		CB50BB6A2A0516DF00E1158A /* UserService.swift in Sources */ = {isa = PBXBuildFile; fileRef = CB50BB692A0516DF00E1158A /* UserService.swift */; };
		CB50BB6C2A05195200E1158A /* CurrentUserService.swift in Sources */ = {isa = PBXBuildFile; fileRef = CB50BB6B2A05195200E1158A /* CurrentUserService.swift */; };
		CB50BB712A06A1C200E1158A /* TestUserService.swift in Sources */ = {isa = PBXBuildFile; fileRef = CB50BB702A06A1C100E1158A /* TestUserService.swift */; };
		CB50BB792A06AC4A00E1158A /* SnapKit in Frameworks */ = {isa = PBXBuildFile; productRef = CB50BB782A06AC4A00E1158A /* SnapKit */; };
		CB50BB7C2A10B7A600E1158A /* Checker.swift in Sources */ = {isa = PBXBuildFile; fileRef = CB50BB7B2A10B7A600E1158A /* Checker.swift */; };
		CB50BB7E2A10B9DD00E1158A /* LoginViewControllerDelegate.swift in Sources */ = {isa = PBXBuildFile; fileRef = CB50BB7D2A10B9DD00E1158A /* LoginViewControllerDelegate.swift */; };
		CB50BB802A11292F00E1158A /* LoginInspector.swift in Sources */ = {isa = PBXBuildFile; fileRef = CB50BB7F2A11292F00E1158A /* LoginInspector.swift */; };
		CB50BB822A1211CF00E1158A /* LoginFactory.swift in Sources */ = {isa = PBXBuildFile; fileRef = CB50BB812A1211CF00E1158A /* LoginFactory.swift */; };
		CB50BB842A12125E00E1158A /* MyLoginFactory.swift in Sources */ = {isa = PBXBuildFile; fileRef = CB50BB832A12125E00E1158A /* MyLoginFactory.swift */; };
		CB50BB902A1A7C4800E1158A /* FeedModel.swift in Sources */ = {isa = PBXBuildFile; fileRef = CB50BB8F2A1A7C4800E1158A /* FeedModel.swift */; };
		CB50BB932A1F903200E1158A /* FeedViewModel.swift in Sources */ = {isa = PBXBuildFile; fileRef = CB50BB922A1F903100E1158A /* FeedViewModel.swift */; };
		CB50BB972A24C18200E1158A /* MainCoordinator.swift in Sources */ = {isa = PBXBuildFile; fileRef = CB50BB962A24C18200E1158A /* MainCoordinator.swift */; };
		CB50BB992A24C2C300E1158A /* MainTabBar.swift in Sources */ = {isa = PBXBuildFile; fileRef = CB50BB982A24C2C300E1158A /* MainTabBar.swift */; };
		CB50BB9D2A24C3BD00E1158A /* FactoryTabBar.swift in Sources */ = {isa = PBXBuildFile; fileRef = CB50BB9C2A24C3BD00E1158A /* FactoryTabBar.swift */; };
		CB50BB9F2A24EE0200E1158A /* FeedCoordinator.swift in Sources */ = {isa = PBXBuildFile; fileRef = CB50BB9E2A24EE0200E1158A /* FeedCoordinator.swift */; };
		CB50BBA12A24F0A500E1158A /* PostCoordinator.swift in Sources */ = {isa = PBXBuildFile; fileRef = CB50BBA02A24F0A500E1158A /* PostCoordinator.swift */; };
		CB50BBA32A264A7000E1158A /* CoordinatorProtocol.swift in Sources */ = {isa = PBXBuildFile; fileRef = CB50BBA22A264A6F00E1158A /* CoordinatorProtocol.swift */; };
		CB50BBA62A277A0800E1158A /* iOSIntPackage in Frameworks */ = {isa = PBXBuildFile; productRef = CB50BBA52A277A0800E1158A /* iOSIntPackage */; };
		CB50BBAB2A30B17E00E1158A /* BrutForce.swift in Sources */ = {isa = PBXBuildFile; fileRef = CB50BBAA2A30B17E00E1158A /* BrutForce.swift */; };
		CB50BBAE2A3B7A6800E1158A /* Error.swift in Sources */ = {isa = PBXBuildFile; fileRef = CB50BBAD2A3B7A6800E1158A /* Error.swift */; };
		CB725F3B29FBB486006334EB /* StorageService.docc in Sources */ = {isa = PBXBuildFile; fileRef = CB725F3A29FBB486006334EB /* StorageService.docc */; };
		CB725F4129FBB486006334EB /* StorageService.framework in Frameworks */ = {isa = PBXBuildFile; fileRef = CB725F3729FBB486006334EB /* StorageService.framework */; };
		CB725F4829FBB487006334EB /* StorageServiceTests.swift in Sources */ = {isa = PBXBuildFile; fileRef = CB725F4729FBB487006334EB /* StorageServiceTests.swift */; };
		CB725F4C29FBB487006334EB /* StorageService.framework in Frameworks */ = {isa = PBXBuildFile; fileRef = CB725F3729FBB486006334EB /* StorageService.framework */; };
		CB725F4D29FBB487006334EB /* StorageService.framework in Embed Frameworks */ = {isa = PBXBuildFile; fileRef = CB725F3729FBB486006334EB /* StorageService.framework */; settings = {ATTRIBUTES = (CodeSignOnCopy, RemoveHeadersOnCopy, ); }; };
		CB725F5E29FD5EC9006334EB /* StorageService.h in Headers */ = {isa = PBXBuildFile; fileRef = CB725F3929FBB486006334EB /* StorageService.h */; settings = {ATTRIBUTES = (Public, ); }; };
		CB725F6529FD6560006334EB /* Post.swift in Sources */ = {isa = PBXBuildFile; fileRef = CB725F6429FD6560006334EB /* Post.swift */; };
		CB725F6729FD6572006334EB /* LikesViews.swift in Sources */ = {isa = PBXBuildFile; fileRef = CB725F6629FD6572006334EB /* LikesViews.swift */; };
		CB725F6929FD658C006334EB /* imageStark.swift in Sources */ = {isa = PBXBuildFile; fileRef = CB725F6829FD658C006334EB /* imageStark.swift */; };
		CB725F6B29FD65CB006334EB /* Data.swift in Sources */ = {isa = PBXBuildFile; fileRef = CB725F6A29FD65CB006334EB /* Data.swift */; };
		CB725F9829FDBBB3006334EB /* PostView.swift in Sources */ = {isa = PBXBuildFile; fileRef = CB725F9729FDBBB3006334EB /* PostView.swift */; };
		CB725F9A29FDBDB2006334EB /* PostView.swift in Sources */ = {isa = PBXBuildFile; fileRef = CB725F9729FDBBB3006334EB /* PostView.swift */; };
		CB825EB22A8D0CFA00F1CC20 /* Localizable.strings in Resources */ = {isa = PBXBuildFile; fileRef = CB825EB42A8D0CFA00F1CC20 /* Localizable.strings */; };
		CB825EB82A8D399200F1CC20 /* Localizable.stringsdict in Resources */ = {isa = PBXBuildFile; fileRef = CB825EBA2A8D399200F1CC20 /* Localizable.stringsdict */; };
		CBCA919C29BB6DDB00D11098 /* InfoViewController.swift in Sources */ = {isa = PBXBuildFile; fileRef = CBCA919B29BB6DDB00D11098 /* InfoViewController.swift */; };
/* End PBXBuildFile section */

/* Begin PBXContainerItemProxy section */
		CB725F4229FBB486006334EB /* PBXContainerItemProxy */ = {
			isa = PBXContainerItemProxy;
			containerPortal = 1214F40729B8B25A00E525F4 /* Project object */;
			proxyType = 1;
			remoteGlobalIDString = CB725F3629FBB486006334EB;
			remoteInfo = StorageService;
		};
		CB725F4429FBB487006334EB /* PBXContainerItemProxy */ = {
			isa = PBXContainerItemProxy;
			containerPortal = 1214F40729B8B25A00E525F4 /* Project object */;
			proxyType = 1;
			remoteGlobalIDString = 1214F40E29B8B25A00E525F4;
			remoteInfo = Navigation;
		};
		CB725F4A29FBB487006334EB /* PBXContainerItemProxy */ = {
			isa = PBXContainerItemProxy;
			containerPortal = 1214F40729B8B25A00E525F4 /* Project object */;
			proxyType = 1;
			remoteGlobalIDString = CB725F3629FBB486006334EB;
			remoteInfo = StorageService;
		};
/* End PBXContainerItemProxy section */

/* Begin PBXCopyFilesBuildPhase section */
		CB725F4E29FBB487006334EB /* Embed Frameworks */ = {
			isa = PBXCopyFilesBuildPhase;
			buildActionMask = 2147483647;
			dstPath = "";
			dstSubfolderSpec = 10;
			files = (
				CB725F4D29FBB487006334EB /* StorageService.framework in Embed Frameworks */,
			);
			name = "Embed Frameworks";
			runOnlyForDeploymentPostprocessing = 0;
		};
/* End PBXCopyFilesBuildPhase section */

/* Begin PBXFileReference section */
		1214F40F29B8B25A00E525F4 /* Navigation.app */ = {isa = PBXFileReference; explicitFileType = wrapper.application; includeInIndex = 0; path = Navigation.app; sourceTree = BUILT_PRODUCTS_DIR; };
		1214F41229B8B25A00E525F4 /* AppDelegate.swift */ = {isa = PBXFileReference; lastKnownFileType = sourcecode.swift; path = AppDelegate.swift; sourceTree = "<group>"; };
		1214F41429B8B25A00E525F4 /* SceneDelegate.swift */ = {isa = PBXFileReference; lastKnownFileType = sourcecode.swift; path = SceneDelegate.swift; sourceTree = "<group>"; };
		1214F41B29B8B25E00E525F4 /* Assets.xcassets */ = {isa = PBXFileReference; lastKnownFileType = folder.assetcatalog; path = Assets.xcassets; sourceTree = "<group>"; };
		1214F41E29B8B25E00E525F4 /* Base */ = {isa = PBXFileReference; lastKnownFileType = file.storyboard; name = Base; path = Base.lproj/LaunchScreen.storyboard; sourceTree = "<group>"; };
		1214F42029B8B25E00E525F4 /* Info.plist */ = {isa = PBXFileReference; lastKnownFileType = text.plist.xml; path = Info.plist; sourceTree = "<group>"; };
		1214F42629B91A7300E525F4 /* FeedViewController.swift */ = {isa = PBXFileReference; lastKnownFileType = sourcecode.swift; path = FeedViewController.swift; sourceTree = "<group>"; };
		1214F42829B91A8C00E525F4 /* ProfileViewController.swift */ = {isa = PBXFileReference; lastKnownFileType = sourcecode.swift; path = ProfileViewController.swift; sourceTree = "<group>"; };
		1214F42A29B9B75000E525F4 /* PostViewController.swift */ = {isa = PBXFileReference; lastKnownFileType = sourcecode.swift; path = PostViewController.swift; sourceTree = "<group>"; };
		CB02BCC32A8CC50200C776C1 /* ru */ = {isa = PBXFileReference; lastKnownFileType = text.plist.strings; name = ru; path = ru.lproj/InfoPlist.strings; sourceTree = "<group>"; };
		CB02BCC52A8CC50600C776C1 /* en */ = {isa = PBXFileReference; lastKnownFileType = text.plist.strings; name = en; path = en.lproj/InfoPlist.strings; sourceTree = "<group>"; };
		CB1924C429C987E8002EB421 /* LogInViewController.swift */ = {isa = PBXFileReference; lastKnownFileType = sourcecode.swift; path = LogInViewController.swift; sourceTree = "<group>"; };
		CB1924C629CAF36A002EB421 /* CustomButton.swift */ = {isa = PBXFileReference; lastKnownFileType = sourcecode.swift; path = CustomButton.swift; sourceTree = "<group>"; };
		CB19C8A22A49B1D30042E33A /* NetworkManager.swift */ = {isa = PBXFileReference; lastKnownFileType = sourcecode.swift; path = NetworkManager.swift; sourceTree = "<group>"; };
		CB19C8C92A5003730042E33A /* JSONSerialization.swift */ = {isa = PBXFileReference; lastKnownFileType = sourcecode.swift; path = JSONSerialization.swift; sourceTree = "<group>"; };
		CB19C8CC2A5067A80042E33A /* JSONDecoder.swift */ = {isa = PBXFileReference; lastKnownFileType = sourcecode.swift; path = JSONDecoder.swift; sourceTree = "<group>"; };
		CB19C8CE2A519E080042E33A /* GoogleService-Info.plist */ = {isa = PBXFileReference; fileEncoding = 4; lastKnownFileType = text.plist.xml; path = "GoogleService-Info.plist"; sourceTree = "<group>"; };
		CB19C8E52A5594EB0042E33A /* CheckerService.swift */ = {isa = PBXFileReference; lastKnownFileType = sourcecode.swift; path = CheckerService.swift; sourceTree = "<group>"; };
		CB19C8E72A55E4B30042E33A /* TextPicker.swift */ = {isa = PBXFileReference; lastKnownFileType = sourcecode.swift; path = TextPicker.swift; sourceTree = "<group>"; };
		CB19C9272A5FF1B20042E33A /* RealmService.swift */ = {isa = PBXFileReference; lastKnownFileType = sourcecode.swift; path = RealmService.swift; sourceTree = "<group>"; };
		CB19C9292A5FF8500042E33A /* RealmModel.swift */ = {isa = PBXFileReference; lastKnownFileType = sourcecode.swift; path = RealmModel.swift; sourceTree = "<group>"; };
		CB19C92B2A608D860042E33A /* RealmViewController.swift */ = {isa = PBXFileReference; lastKnownFileType = sourcecode.swift; path = RealmViewController.swift; sourceTree = "<group>"; };
		CB19C92D2A61803A0042E33A /* LoginModel.swift */ = {isa = PBXFileReference; lastKnownFileType = sourcecode.swift; path = LoginModel.swift; sourceTree = "<group>"; };
		CB19C9472A70086E0042E33A /* LikePostCoordinator.swift */ = {isa = PBXFileReference; lastKnownFileType = sourcecode.swift; path = LikePostCoordinator.swift; sourceTree = "<group>"; };
		CB19C94A2A70090E0042E33A /* LikePostViewController.swift */ = {isa = PBXFileReference; lastKnownFileType = sourcecode.swift; path = LikePostViewController.swift; sourceTree = "<group>"; };
		CB19C94C2A728A4C0042E33A /* CoreDataService.swift */ = {isa = PBXFileReference; lastKnownFileType = sourcecode.swift; path = CoreDataService.swift; sourceTree = "<group>"; };
		CB19C94F2A728E2E0042E33A /* CoreDataProject.xcdatamodel */ = {isa = PBXFileReference; lastKnownFileType = wrapper.xcdatamodel; path = CoreDataProject.xcdatamodel; sourceTree = "<group>"; };
		CB1C502C2A8A57DC0044210A /* MapCoordinator.swift */ = {isa = PBXFileReference; lastKnownFileType = sourcecode.swift; path = MapCoordinator.swift; sourceTree = "<group>"; };
		CB1C502F2A8A669F0044210A /* MapViewController.swift */ = {isa = PBXFileReference; lastKnownFileType = sourcecode.swift; path = MapViewController.swift; sourceTree = "<group>"; };
		CB1C50322A8CB87C0044210A /* ru */ = {isa = PBXFileReference; lastKnownFileType = text.plist.strings; name = ru; path = ru.lproj/LaunchScreen.strings; sourceTree = "<group>"; };
		CB3C51A329D07F6300257E79 /* PostTableViewCell.swift */ = {isa = PBXFileReference; lastKnownFileType = sourcecode.swift; path = PostTableViewCell.swift; sourceTree = "<group>"; };
		CB3C51A929D3204000257E79 /* ExtationHeader.swift */ = {isa = PBXFileReference; lastKnownFileType = sourcecode.swift; path = ExtationHeader.swift; sourceTree = "<group>"; };
		CB3C51AC29D32A7A00257E79 /* DelimiterView.swift */ = {isa = PBXFileReference; lastKnownFileType = sourcecode.swift; path = DelimiterView.swift; sourceTree = "<group>"; };
		CB3C51AE29D4603C00257E79 /* PhotosTableViewCell.swift */ = {isa = PBXFileReference; lastKnownFileType = sourcecode.swift; path = PhotosTableViewCell.swift; sourceTree = "<group>"; };
		CB3C51B329D4738D00257E79 /* PhotosViewController.swift */ = {isa = PBXFileReference; lastKnownFileType = sourcecode.swift; path = PhotosViewController.swift; sourceTree = "<group>"; };
		CB3C51B629D5A99700257E79 /* PhotosCollectionViewCell.swift */ = {isa = PBXFileReference; lastKnownFileType = sourcecode.swift; path = PhotosCollectionViewCell.swift; sourceTree = "<group>"; };
		CB3C51B829D6235600257E79 /* PhotosViewCell.swift */ = {isa = PBXFileReference; lastKnownFileType = sourcecode.swift; path = PhotosViewCell.swift; sourceTree = "<group>"; };
		CB4F95B529C0598100979B55 /* ProfileHeaderView.swift */ = {isa = PBXFileReference; lastKnownFileType = sourcecode.swift; path = ProfileHeaderView.swift; sourceTree = "<group>"; };
		CB50BB672A05162000E1158A /* User.swift */ = {isa = PBXFileReference; lastKnownFileType = sourcecode.swift; path = User.swift; sourceTree = "<group>"; };
		CB50BB692A0516DF00E1158A /* UserService.swift */ = {isa = PBXFileReference; lastKnownFileType = sourcecode.swift; path = UserService.swift; sourceTree = "<group>"; };
		CB50BB6B2A05195200E1158A /* CurrentUserService.swift */ = {isa = PBXFileReference; lastKnownFileType = sourcecode.swift; path = CurrentUserService.swift; sourceTree = "<group>"; };
		CB50BB702A06A1C100E1158A /* TestUserService.swift */ = {isa = PBXFileReference; lastKnownFileType = sourcecode.swift; path = TestUserService.swift; sourceTree = "<group>"; };
		CB50BB7B2A10B7A600E1158A /* Checker.swift */ = {isa = PBXFileReference; lastKnownFileType = sourcecode.swift; path = Checker.swift; sourceTree = "<group>"; };
		CB50BB7D2A10B9DD00E1158A /* LoginViewControllerDelegate.swift */ = {isa = PBXFileReference; lastKnownFileType = sourcecode.swift; path = LoginViewControllerDelegate.swift; sourceTree = "<group>"; };
		CB50BB7F2A11292F00E1158A /* LoginInspector.swift */ = {isa = PBXFileReference; lastKnownFileType = sourcecode.swift; path = LoginInspector.swift; sourceTree = "<group>"; };
		CB50BB812A1211CF00E1158A /* LoginFactory.swift */ = {isa = PBXFileReference; lastKnownFileType = sourcecode.swift; path = LoginFactory.swift; sourceTree = "<group>"; };
		CB50BB832A12125E00E1158A /* MyLoginFactory.swift */ = {isa = PBXFileReference; lastKnownFileType = sourcecode.swift; path = MyLoginFactory.swift; sourceTree = "<group>"; };
		CB50BB8F2A1A7C4800E1158A /* FeedModel.swift */ = {isa = PBXFileReference; lastKnownFileType = sourcecode.swift; path = FeedModel.swift; sourceTree = "<group>"; };
		CB50BB922A1F903100E1158A /* FeedViewModel.swift */ = {isa = PBXFileReference; lastKnownFileType = sourcecode.swift; path = FeedViewModel.swift; sourceTree = "<group>"; };
		CB50BB962A24C18200E1158A /* MainCoordinator.swift */ = {isa = PBXFileReference; lastKnownFileType = sourcecode.swift; path = MainCoordinator.swift; sourceTree = "<group>"; };
		CB50BB982A24C2C300E1158A /* MainTabBar.swift */ = {isa = PBXFileReference; lastKnownFileType = sourcecode.swift; path = MainTabBar.swift; sourceTree = "<group>"; };
		CB50BB9C2A24C3BD00E1158A /* FactoryTabBar.swift */ = {isa = PBXFileReference; lastKnownFileType = sourcecode.swift; path = FactoryTabBar.swift; sourceTree = "<group>"; };
		CB50BB9E2A24EE0200E1158A /* FeedCoordinator.swift */ = {isa = PBXFileReference; lastKnownFileType = sourcecode.swift; path = FeedCoordinator.swift; sourceTree = "<group>"; };
		CB50BBA02A24F0A500E1158A /* PostCoordinator.swift */ = {isa = PBXFileReference; lastKnownFileType = sourcecode.swift; path = PostCoordinator.swift; sourceTree = "<group>"; };
		CB50BBA22A264A6F00E1158A /* CoordinatorProtocol.swift */ = {isa = PBXFileReference; lastKnownFileType = sourcecode.swift; path = CoordinatorProtocol.swift; sourceTree = "<group>"; };
		CB50BBAA2A30B17E00E1158A /* BrutForce.swift */ = {isa = PBXFileReference; lastKnownFileType = sourcecode.swift; path = BrutForce.swift; sourceTree = "<group>"; };
		CB50BBAD2A3B7A6800E1158A /* Error.swift */ = {isa = PBXFileReference; lastKnownFileType = sourcecode.swift; path = Error.swift; sourceTree = "<group>"; };
		CB725F3729FBB486006334EB /* StorageService.framework */ = {isa = PBXFileReference; explicitFileType = wrapper.framework; includeInIndex = 0; path = StorageService.framework; sourceTree = BUILT_PRODUCTS_DIR; };
		CB725F3929FBB486006334EB /* StorageService.h */ = {isa = PBXFileReference; lastKnownFileType = sourcecode.c.h; path = StorageService.h; sourceTree = "<group>"; };
		CB725F3A29FBB486006334EB /* StorageService.docc */ = {isa = PBXFileReference; lastKnownFileType = folder.documentationcatalog; path = StorageService.docc; sourceTree = "<group>"; };
		CB725F4029FBB486006334EB /* StorageServiceTests.xctest */ = {isa = PBXFileReference; explicitFileType = wrapper.cfbundle; includeInIndex = 0; path = StorageServiceTests.xctest; sourceTree = BUILT_PRODUCTS_DIR; };
		CB725F4729FBB487006334EB /* StorageServiceTests.swift */ = {isa = PBXFileReference; lastKnownFileType = sourcecode.swift; path = StorageServiceTests.swift; sourceTree = "<group>"; };
		CB725F6429FD6560006334EB /* Post.swift */ = {isa = PBXFileReference; lastKnownFileType = sourcecode.swift; path = Post.swift; sourceTree = "<group>"; };
		CB725F6629FD6572006334EB /* LikesViews.swift */ = {isa = PBXFileReference; lastKnownFileType = sourcecode.swift; path = LikesViews.swift; sourceTree = "<group>"; };
		CB725F6829FD658C006334EB /* imageStark.swift */ = {isa = PBXFileReference; lastKnownFileType = sourcecode.swift; path = imageStark.swift; sourceTree = "<group>"; };
		CB725F6A29FD65CB006334EB /* Data.swift */ = {isa = PBXFileReference; lastKnownFileType = sourcecode.swift; path = Data.swift; sourceTree = "<group>"; };
		CB725F9729FDBBB3006334EB /* PostView.swift */ = {isa = PBXFileReference; lastKnownFileType = sourcecode.swift; name = PostView.swift; path = StorageServiceTests/PostView.swift; sourceTree = SOURCE_ROOT; };
		CB825EB32A8D0CFA00F1CC20 /* en */ = {isa = PBXFileReference; lastKnownFileType = text.plist.strings; name = en; path = en.lproj/Localizable.strings; sourceTree = "<group>"; };
		CB825EB52A8D0CFF00F1CC20 /* ru */ = {isa = PBXFileReference; lastKnownFileType = text.plist.strings; name = ru; path = ru.lproj/Localizable.strings; sourceTree = "<group>"; };
		CB825EB92A8D399200F1CC20 /* en */ = {isa = PBXFileReference; lastKnownFileType = text.plist.stringsdict; name = en; path = en.lproj/Localizable.stringsdict; sourceTree = "<group>"; };
		CB825EBB2A8D399300F1CC20 /* ru */ = {isa = PBXFileReference; lastKnownFileType = text.plist.stringsdict; name = ru; path = ru.lproj/Localizable.stringsdict; sourceTree = "<group>"; };
		CBCA919B29BB6DDB00D11098 /* InfoViewController.swift */ = {isa = PBXFileReference; lastKnownFileType = sourcecode.swift; path = InfoViewController.swift; sourceTree = "<group>"; };
/* End PBXFileReference section */

/* Begin PBXFrameworksBuildPhase section */
		1214F40C29B8B25A00E525F4 /* Frameworks */ = {
			isa = PBXFrameworksBuildPhase;
			buildActionMask = 2147483647;
			files = (
				CB19C9252A5FEF1A0042E33A /* RealmSwift in Frameworks */,
				CB50BBA62A277A0800E1158A /* iOSIntPackage in Frameworks */,
				CB50BB792A06AC4A00E1158A /* SnapKit in Frameworks */,
				CB725F4C29FBB487006334EB /* StorageService.framework in Frameworks */,
				CB19C8EB2A57E0C00042E33A /* FirebaseAuth in Frameworks */,
				CB19C9232A5FEF1A0042E33A /* Realm in Frameworks */,
			);
			runOnlyForDeploymentPostprocessing = 0;
		};
		CB725F3429FBB486006334EB /* Frameworks */ = {
			isa = PBXFrameworksBuildPhase;
			buildActionMask = 2147483647;
			files = (
			);
			runOnlyForDeploymentPostprocessing = 0;
		};
		CB725F3D29FBB486006334EB /* Frameworks */ = {
			isa = PBXFrameworksBuildPhase;
			buildActionMask = 2147483647;
			files = (
				CB725F4129FBB486006334EB /* StorageService.framework in Frameworks */,
			);
			runOnlyForDeploymentPostprocessing = 0;
		};
/* End PBXFrameworksBuildPhase section */

/* Begin PBXGroup section */
		1214F40629B8B25A00E525F4 = {
			isa = PBXGroup;
			children = (
				1214F41129B8B25A00E525F4 /* Navigation */,
				CB725F3829FBB486006334EB /* StorageService */,
				CB725F4629FBB487006334EB /* StorageServiceTests */,
				1214F41029B8B25A00E525F4 /* Products */,
			);
			sourceTree = "<group>";
		};
		1214F41029B8B25A00E525F4 /* Products */ = {
			isa = PBXGroup;
			children = (
				1214F40F29B8B25A00E525F4 /* Navigation.app */,
				CB725F3729FBB486006334EB /* StorageService.framework */,
				CB725F4029FBB486006334EB /* StorageServiceTests.xctest */,
			);
			name = Products;
			sourceTree = "<group>";
		};
		1214F41129B8B25A00E525F4 /* Navigation */ = {
			isa = PBXGroup;
			children = (
				CB02BCBF2A8CC45500C776C1 /* Localize */,
				CB1C502E2A8A66810044210A /* Map */,
				CB19C9492A7008E90042E33A /* LikePost */,
				CB19C8A12A49B1BA0042E33A /* DATA */,
				CB50BBAC2A3B7A3A00E1158A /* Work with error */,
				CB50BBA92A30B15D00E1158A /* Brut Force */,
				CB50BB9B2A24C3A800E1158A /* FactoryTabBar */,
				CB50BB9A2A24C2DB00E1158A /* MainTabBar */,
				CB50BB952A24C16600E1158A /* Coordinator */,
				CB50BB912A1F901F00E1158A /* FEEDFLOW */,
				CB50BB8B2A19FAD800E1158A /* MVC */,
				CB50BB7A2A10B78600E1158A /* Singalton&Delegate&Factory */,
				CB50BB662A0515D400E1158A /* DI */,
				CB725F6329FD6537006334EB /* Struct and Data */,
				CB3C51B529D5A95D00257E79 /* Photo Table */,
				CB3C51B229D472FF00257E79 /* Collection */,
				CB3C51B129D472E000257E79 /* Login */,
				CB3C51B029D472AE00257E79 /* Table */,
				CB3C51AB29D32A3F00257E79 /* delimiter */,
				CB4F95B429C0595900979B55 /* Profile */,
				1214F41229B8B25A00E525F4 /* AppDelegate.swift */,
				1214F41429B8B25A00E525F4 /* SceneDelegate.swift */,
				1214F42A29B9B75000E525F4 /* PostViewController.swift */,
				CBCA919B29BB6DDB00D11098 /* InfoViewController.swift */,
				1214F41B29B8B25E00E525F4 /* Assets.xcassets */,
				CB19C8CE2A519E080042E33A /* GoogleService-Info.plist */,
				1214F41D29B8B25E00E525F4 /* LaunchScreen.storyboard */,
				1214F42029B8B25E00E525F4 /* Info.plist */,
			);
			path = Navigation;
			sourceTree = "<group>";
		};
		CB02BCBF2A8CC45500C776C1 /* Localize */ = {
			isa = PBXGroup;
			children = (
				CB02BCC42A8CC50200C776C1 /* InfoPlist.strings */,
				CB825EB42A8D0CFA00F1CC20 /* Localizable.strings */,
				CB825EBA2A8D399200F1CC20 /* Localizable.stringsdict */,
			);
			path = Localize;
			sourceTree = "<group>";
		};
		CB19C8A02A49B18E0042E33A /* URLSession. URLSessionDataTask */ = {
			isa = PBXGroup;
			children = (
				CB19C8A22A49B1D30042E33A /* NetworkManager.swift */,
			);
			path = "URLSession. URLSessionDataTask";
			sourceTree = "<group>";
		};
		CB19C8A12A49B1BA0042E33A /* DATA */ = {
			isa = PBXGroup;
			children = (
				CB19C9462A70062D0042E33A /* CoreData */,
				CB19C9262A5FF18C0042E33A /* Realm */,
				CB19C8E42A5594A10042E33A /* Firebase */,
				CB19C8CB2A5067930042E33A /* JSONDecoder */,
				CB19C8C82A50034F0042E33A /* JSONSerialization */,
				CB19C8A02A49B18E0042E33A /* URLSession. URLSessionDataTask */,
			);
			path = DATA;
			sourceTree = "<group>";
		};
		CB19C8C82A50034F0042E33A /* JSONSerialization */ = {
			isa = PBXGroup;
			children = (
				CB19C8C92A5003730042E33A /* JSONSerialization.swift */,
			);
			path = JSONSerialization;
			sourceTree = "<group>";
		};
		CB19C8CB2A5067930042E33A /* JSONDecoder */ = {
			isa = PBXGroup;
			children = (
				CB19C8CC2A5067A80042E33A /* JSONDecoder.swift */,
			);
			path = JSONDecoder;
			sourceTree = "<group>";
		};
		CB19C8E42A5594A10042E33A /* Firebase */ = {
			isa = PBXGroup;
			children = (
				CB19C8E52A5594EB0042E33A /* CheckerService.swift */,
				CB19C8E72A55E4B30042E33A /* TextPicker.swift */,
			);
			path = Firebase;
			sourceTree = "<group>";
		};
		CB19C9262A5FF18C0042E33A /* Realm */ = {
			isa = PBXGroup;
			children = (
				CB19C9272A5FF1B20042E33A /* RealmService.swift */,
				CB19C9292A5FF8500042E33A /* RealmModel.swift */,
				CB19C92B2A608D860042E33A /* RealmViewController.swift */,
				CB19C92D2A61803A0042E33A /* LoginModel.swift */,
			);
			path = Realm;
			sourceTree = "<group>";
		};
		CB19C9462A70062D0042E33A /* CoreData */ = {
			isa = PBXGroup;
			children = (
				CB19C94C2A728A4C0042E33A /* CoreDataService.swift */,
				CB19C94E2A728E2E0042E33A /* CoreDataProject.xcdatamodeld */,
			);
			path = CoreData;
			sourceTree = "<group>";
		};
		CB19C9492A7008E90042E33A /* LikePost */ = {
			isa = PBXGroup;
			children = (
				CB19C94A2A70090E0042E33A /* LikePostViewController.swift */,
			);
			path = LikePost;
			sourceTree = "<group>";
		};
		CB1C502E2A8A66810044210A /* Map */ = {
			isa = PBXGroup;
			children = (
				CB1C502F2A8A669F0044210A /* MapViewController.swift */,
			);
			path = Map;
			sourceTree = "<group>";
		};
		CB3C51AB29D32A3F00257E79 /* delimiter */ = {
			isa = PBXGroup;
			children = (
				CB3C51AC29D32A7A00257E79 /* DelimiterView.swift */,
			);
			path = delimiter;
			sourceTree = "<group>";
		};
		CB3C51B029D472AE00257E79 /* Table */ = {
			isa = PBXGroup;
			children = (
				1214F42829B91A8C00E525F4 /* ProfileViewController.swift */,
				CB3C51A329D07F6300257E79 /* PostTableViewCell.swift */,
				CB4F95B529C0598100979B55 /* ProfileHeaderView.swift */,
				CB3C51A929D3204000257E79 /* ExtationHeader.swift */,
			);
			path = Table;
			sourceTree = "<group>";
		};
		CB3C51B129D472E000257E79 /* Login */ = {
			isa = PBXGroup;
			children = (
				CB1924C429C987E8002EB421 /* LogInViewController.swift */,
			);
			path = Login;
			sourceTree = "<group>";
		};
		CB3C51B229D472FF00257E79 /* Collection */ = {
			isa = PBXGroup;
			children = (
				CB3C51B329D4738D00257E79 /* PhotosViewController.swift */,
				CB3C51B629D5A99700257E79 /* PhotosCollectionViewCell.swift */,
			);
			path = Collection;
			sourceTree = "<group>";
		};
		CB3C51B529D5A95D00257E79 /* Photo Table */ = {
			isa = PBXGroup;
			children = (
				CB3C51AE29D4603C00257E79 /* PhotosTableViewCell.swift */,
				CB3C51B829D6235600257E79 /* PhotosViewCell.swift */,
			);
			path = "Photo Table";
			sourceTree = "<group>";
		};
		CB4F95B429C0595900979B55 /* Profile */ = {
			isa = PBXGroup;
			children = (
			);
			path = Profile;
			sourceTree = "<group>";
		};
		CB50BB662A0515D400E1158A /* DI */ = {
			isa = PBXGroup;
			children = (
				CB50BB672A05162000E1158A /* User.swift */,
				CB50BB692A0516DF00E1158A /* UserService.swift */,
				CB50BB6B2A05195200E1158A /* CurrentUserService.swift */,
				CB50BB702A06A1C100E1158A /* TestUserService.swift */,
			);
			path = DI;
			sourceTree = "<group>";
		};
		CB50BB7A2A10B78600E1158A /* Singalton&Delegate&Factory */ = {
			isa = PBXGroup;
			children = (
				CB50BB7B2A10B7A600E1158A /* Checker.swift */,
				CB50BB7D2A10B9DD00E1158A /* LoginViewControllerDelegate.swift */,
				CB50BB7F2A11292F00E1158A /* LoginInspector.swift */,
				CB50BB812A1211CF00E1158A /* LoginFactory.swift */,
				CB50BB832A12125E00E1158A /* MyLoginFactory.swift */,
			);
			path = "Singalton&Delegate&Factory";
			sourceTree = "<group>";
		};
		CB50BB8B2A19FAD800E1158A /* MVC */ = {
			isa = PBXGroup;
			children = (
				CB1924C629CAF36A002EB421 /* CustomButton.swift */,
			);
			path = MVC;
			sourceTree = "<group>";
		};
		CB50BB912A1F901F00E1158A /* FEEDFLOW */ = {
			isa = PBXGroup;
			children = (
				CB50BB942A23AD6300E1158A /* Models */,
				1214F42629B91A7300E525F4 /* FeedViewController.swift */,
				CB50BB922A1F903100E1158A /* FeedViewModel.swift */,
			);
			path = FEEDFLOW;
			sourceTree = "<group>";
		};
		CB50BB942A23AD6300E1158A /* Models */ = {
			isa = PBXGroup;
			children = (
				CB50BB8F2A1A7C4800E1158A /* FeedModel.swift */,
			);
			path = Models;
			sourceTree = "<group>";
		};
		CB50BB952A24C16600E1158A /* Coordinator */ = {
			isa = PBXGroup;
			children = (
				CB50BB962A24C18200E1158A /* MainCoordinator.swift */,
				CB50BB9E2A24EE0200E1158A /* FeedCoordinator.swift */,
				CB50BBA02A24F0A500E1158A /* PostCoordinator.swift */,
				CB19C9472A70086E0042E33A /* LikePostCoordinator.swift */,
				CB50BBA22A264A6F00E1158A /* CoordinatorProtocol.swift */,
				CB1C502C2A8A57DC0044210A /* MapCoordinator.swift */,
			);
			path = Coordinator;
			sourceTree = "<group>";
		};
		CB50BB9A2A24C2DB00E1158A /* MainTabBar */ = {
			isa = PBXGroup;
			children = (
				CB50BB982A24C2C300E1158A /* MainTabBar.swift */,
			);
			path = MainTabBar;
			sourceTree = "<group>";
		};
		CB50BB9B2A24C3A800E1158A /* FactoryTabBar */ = {
			isa = PBXGroup;
			children = (
				CB50BB9C2A24C3BD00E1158A /* FactoryTabBar.swift */,
			);
			path = FactoryTabBar;
			sourceTree = "<group>";
		};
		CB50BBA92A30B15D00E1158A /* Brut Force */ = {
			isa = PBXGroup;
			children = (
				CB50BBAA2A30B17E00E1158A /* BrutForce.swift */,
			);
			path = "Brut Force";
			sourceTree = "<group>";
		};
		CB50BBAC2A3B7A3A00E1158A /* Work with error */ = {
			isa = PBXGroup;
			children = (
				CB50BBAD2A3B7A6800E1158A /* Error.swift */,
			);
			path = "Work with error";
			sourceTree = "<group>";
		};
		CB725F3829FBB486006334EB /* StorageService */ = {
			isa = PBXGroup;
			children = (
				CB725F3929FBB486006334EB /* StorageService.h */,
				CB725F3A29FBB486006334EB /* StorageService.docc */,
			);
			path = StorageService;
			sourceTree = "<group>";
		};
		CB725F4629FBB487006334EB /* StorageServiceTests */ = {
			isa = PBXGroup;
			children = (
				CB725F4729FBB487006334EB /* StorageServiceTests.swift */,
				CB725F9729FDBBB3006334EB /* PostView.swift */,
			);
			path = StorageServiceTests;
			sourceTree = "<group>";
		};
		CB725F6329FD6537006334EB /* Struct and Data */ = {
			isa = PBXGroup;
			children = (
				CB725F6429FD6560006334EB /* Post.swift */,
				CB725F6629FD6572006334EB /* LikesViews.swift */,
				CB725F6829FD658C006334EB /* imageStark.swift */,
				CB725F6A29FD65CB006334EB /* Data.swift */,
			);
			path = "Struct and Data";
			sourceTree = "<group>";
		};
/* End PBXGroup section */

/* Begin PBXHeadersBuildPhase section */
		CB725F3229FBB486006334EB /* Headers */ = {
			isa = PBXHeadersBuildPhase;
			buildActionMask = 2147483647;
			files = (
				CB725F5E29FD5EC9006334EB /* StorageService.h in Headers */,
			);
			runOnlyForDeploymentPostprocessing = 0;
		};
/* End PBXHeadersBuildPhase section */

/* Begin PBXNativeTarget section */
		1214F40E29B8B25A00E525F4 /* Navigation */ = {
			isa = PBXNativeTarget;
			buildConfigurationList = 1214F42329B8B25E00E525F4 /* Build configuration list for PBXNativeTarget "Navigation" */;
			buildPhases = (
				1214F40B29B8B25A00E525F4 /* Sources */,
				1214F40C29B8B25A00E525F4 /* Frameworks */,
				1214F40D29B8B25A00E525F4 /* Resources */,
				CB725F4E29FBB487006334EB /* Embed Frameworks */,
			);
			buildRules = (
			);
			dependencies = (
				CB725F4B29FBB487006334EB /* PBXTargetDependency */,
			);
			name = Navigation;
			packageProductDependencies = (
				CB50BB782A06AC4A00E1158A /* SnapKit */,
				CB50BBA52A277A0800E1158A /* iOSIntPackage */,
				CB19C8EA2A57E0C00042E33A /* FirebaseAuth */,
				CB19C9222A5FEF1A0042E33A /* Realm */,
				CB19C9242A5FEF1A0042E33A /* RealmSwift */,
			);
			productName = Navigation;
			productReference = 1214F40F29B8B25A00E525F4 /* Navigation.app */;
			productType = "com.apple.product-type.application";
		};
		CB725F3629FBB486006334EB /* StorageService */ = {
			isa = PBXNativeTarget;
			buildConfigurationList = CB725F5329FBB487006334EB /* Build configuration list for PBXNativeTarget "StorageService" */;
			buildPhases = (
				CB725F3229FBB486006334EB /* Headers */,
				CB725F3329FBB486006334EB /* Sources */,
				CB725F3429FBB486006334EB /* Frameworks */,
				CB725F3529FBB486006334EB /* Resources */,
			);
			buildRules = (
			);
			dependencies = (
			);
			name = StorageService;
			productName = StorageService;
			productReference = CB725F3729FBB486006334EB /* StorageService.framework */;
			productType = "com.apple.product-type.framework";
		};
		CB725F3F29FBB486006334EB /* StorageServiceTests */ = {
			isa = PBXNativeTarget;
			buildConfigurationList = CB725F5429FBB487006334EB /* Build configuration list for PBXNativeTarget "StorageServiceTests" */;
			buildPhases = (
				CB725F3C29FBB486006334EB /* Sources */,
				CB725F3D29FBB486006334EB /* Frameworks */,
				CB725F3E29FBB486006334EB /* Resources */,
			);
			buildRules = (
			);
			dependencies = (
				CB725F4329FBB486006334EB /* PBXTargetDependency */,
				CB725F4529FBB487006334EB /* PBXTargetDependency */,
			);
			name = StorageServiceTests;
			productName = StorageServiceTests;
			productReference = CB725F4029FBB486006334EB /* StorageServiceTests.xctest */;
			productType = "com.apple.product-type.bundle.unit-test";
		};
/* End PBXNativeTarget section */

/* Begin PBXProject section */
		1214F40729B8B25A00E525F4 /* Project object */ = {
			isa = PBXProject;
			attributes = {
				BuildIndependentTargetsInParallel = 1;
				LastSwiftUpdateCheck = 1420;
				LastUpgradeCheck = 1320;
				TargetAttributes = {
					1214F40E29B8B25A00E525F4 = {
						CreatedOnToolsVersion = 13.2.1;
					};
					CB725F3629FBB486006334EB = {
						CreatedOnToolsVersion = 14.2;
					};
					CB725F3F29FBB486006334EB = {
						CreatedOnToolsVersion = 14.2;
						TestTargetID = 1214F40E29B8B25A00E525F4;
					};
				};
			};
			buildConfigurationList = 1214F40A29B8B25A00E525F4 /* Build configuration list for PBXProject "Navigation" */;
			compatibilityVersion = "Xcode 13.0";
			developmentRegion = en;
			hasScannedForEncodings = 0;
			knownRegions = (
				en,
				Base,
				ru,
			);
			mainGroup = 1214F40629B8B25A00E525F4;
			packageReferences = (
				CB50BB772A06AC4A00E1158A /* XCRemoteSwiftPackageReference "SnapKit" */,
				CB50BBA42A277A0800E1158A /* XCRemoteSwiftPackageReference "iOSIntPackage" */,
				CB19C8E92A57E0C00042E33A /* XCRemoteSwiftPackageReference "firebase-ios-sdk" */,
				CB19C9212A5FEF1A0042E33A /* XCRemoteSwiftPackageReference "realm-swift" */,
			);
			productRefGroup = 1214F41029B8B25A00E525F4 /* Products */;
			projectDirPath = "";
			projectRoot = "";
			targets = (
				1214F40E29B8B25A00E525F4 /* Navigation */,
				CB725F3629FBB486006334EB /* StorageService */,
				CB725F3F29FBB486006334EB /* StorageServiceTests */,
			);
		};
/* End PBXProject section */

/* Begin PBXResourcesBuildPhase section */
		1214F40D29B8B25A00E525F4 /* Resources */ = {
			isa = PBXResourcesBuildPhase;
			buildActionMask = 2147483647;
			files = (
				CB825EB22A8D0CFA00F1CC20 /* Localizable.strings in Resources */,
				1214F41F29B8B25E00E525F4 /* LaunchScreen.storyboard in Resources */,
				CB02BCC22A8CC50200C776C1 /* InfoPlist.strings in Resources */,
				1214F41C29B8B25E00E525F4 /* Assets.xcassets in Resources */,
				CB19C8CF2A519E080042E33A /* GoogleService-Info.plist in Resources */,
				CB825EB82A8D399200F1CC20 /* Localizable.stringsdict in Resources */,
			);
			runOnlyForDeploymentPostprocessing = 0;
		};
		CB725F3529FBB486006334EB /* Resources */ = {
			isa = PBXResourcesBuildPhase;
			buildActionMask = 2147483647;
			files = (
			);
			runOnlyForDeploymentPostprocessing = 0;
		};
		CB725F3E29FBB486006334EB /* Resources */ = {
			isa = PBXResourcesBuildPhase;
			buildActionMask = 2147483647;
			files = (
			);
			runOnlyForDeploymentPostprocessing = 0;
		};
/* End PBXResourcesBuildPhase section */

/* Begin PBXSourcesBuildPhase section */
		1214F40B29B8B25A00E525F4 /* Sources */ = {
			isa = PBXSourcesBuildPhase;
			buildActionMask = 2147483647;
			files = (
				CB50BB9D2A24C3BD00E1158A /* FactoryTabBar.swift in Sources */,
				CB3C51A429D07F6400257E79 /* PostTableViewCell.swift in Sources */,
				1214F42B29B9B75000E525F4 /* PostViewController.swift in Sources */,
				CB4F95B629C0598200979B55 /* ProfileHeaderView.swift in Sources */,
				CB19C9282A5FF1B20042E33A /* RealmService.swift in Sources */,
				CB1924C529C987E8002EB421 /* LogInViewController.swift in Sources */,
				CB19C8CA2A5003730042E33A /* JSONSerialization.swift in Sources */,
				CB19C8CD2A5067A80042E33A /* JSONDecoder.swift in Sources */,
				CB3C51B729D5A99700257E79 /* PhotosCollectionViewCell.swift in Sources */,
				CB50BBAB2A30B17E00E1158A /* BrutForce.swift in Sources */,
				CB3C51B929D6235600257E79 /* PhotosViewCell.swift in Sources */,
				CB19C94B2A70090F0042E33A /* LikePostViewController.swift in Sources */,
				CB19C8E82A55E4B30042E33A /* TextPicker.swift in Sources */,
				CB50BB6A2A0516DF00E1158A /* UserService.swift in Sources */,
				CB50BB932A1F903200E1158A /* FeedViewModel.swift in Sources */,
				CB50BB902A1A7C4800E1158A /* FeedModel.swift in Sources */,
				CB50BB9F2A24EE0200E1158A /* FeedCoordinator.swift in Sources */,
				CB19C8A32A49B1D30042E33A /* NetworkManager.swift in Sources */,
				CB19C8E62A5594EB0042E33A /* CheckerService.swift in Sources */,
				1214F41329B8B25A00E525F4 /* AppDelegate.swift in Sources */,
				CB50BB712A06A1C200E1158A /* TestUserService.swift in Sources */,
				1214F42929B91A8C00E525F4 /* ProfileViewController.swift in Sources */,
				CB1924C729CAF36A002EB421 /* CustomButton.swift in Sources */,
				CB50BBAE2A3B7A6800E1158A /* Error.swift in Sources */,
				CB50BB7C2A10B7A600E1158A /* Checker.swift in Sources */,
				CBCA919C29BB6DDB00D11098 /* InfoViewController.swift in Sources */,
				CB1C50302A8A66A00044210A /* MapViewController.swift in Sources */,
				CB50BB992A24C2C300E1158A /* MainTabBar.swift in Sources */,
				CB725F6929FD658C006334EB /* imageStark.swift in Sources */,
				CB3C51AF29D4603C00257E79 /* PhotosTableViewCell.swift in Sources */,
				CB3C51AA29D3204000257E79 /* ExtationHeader.swift in Sources */,
				CB725F6729FD6572006334EB /* LikesViews.swift in Sources */,
				CB725F6B29FD65CB006334EB /* Data.swift in Sources */,
				CB50BBA32A264A7000E1158A /* CoordinatorProtocol.swift in Sources */,
				CB50BB802A11292F00E1158A /* LoginInspector.swift in Sources */,
				CB1C502D2A8A57DC0044210A /* MapCoordinator.swift in Sources */,
				CB19C94D2A728A4C0042E33A /* CoreDataService.swift in Sources */,
				1214F42729B91A7300E525F4 /* FeedViewController.swift in Sources */,
				CB50BB842A12125E00E1158A /* MyLoginFactory.swift in Sources */,
				CB50BBA12A24F0A500E1158A /* PostCoordinator.swift in Sources */,
				CB50BB6C2A05195200E1158A /* CurrentUserService.swift in Sources */,
				CB19C92E2A61803A0042E33A /* LoginModel.swift in Sources */,
				CB3C51B429D4738D00257E79 /* PhotosViewController.swift in Sources */,
				CB50BB972A24C18200E1158A /* MainCoordinator.swift in Sources */,
				CB50BB822A1211CF00E1158A /* LoginFactory.swift in Sources */,
				CB50BB7E2A10B9DD00E1158A /* LoginViewControllerDelegate.swift in Sources */,
				CB3C51AD29D32A7A00257E79 /* DelimiterView.swift in Sources */,
				CB725F6529FD6560006334EB /* Post.swift in Sources */,
				1214F41529B8B25A00E525F4 /* SceneDelegate.swift in Sources */,
				CB50BB682A05162000E1158A /* User.swift in Sources */,
				CB19C9482A70086E0042E33A /* LikePostCoordinator.swift in Sources */,
				CB19C92A2A5FF8500042E33A /* RealmModel.swift in Sources */,
				CB19C9502A728E2E0042E33A /* CoreDataProject.xcdatamodeld in Sources */,
				CB19C92C2A608D870042E33A /* RealmViewController.swift in Sources */,
			);
			runOnlyForDeploymentPostprocessing = 0;
		};
		CB725F3329FBB486006334EB /* Sources */ = {
			isa = PBXSourcesBuildPhase;
			buildActionMask = 2147483647;
			files = (
				CB725F9A29FDBDB2006334EB /* PostView.swift in Sources */,
				CB725F3B29FBB486006334EB /* StorageService.docc in Sources */,
			);
			runOnlyForDeploymentPostprocessing = 0;
		};
		CB725F3C29FBB486006334EB /* Sources */ = {
			isa = PBXSourcesBuildPhase;
			buildActionMask = 2147483647;
			files = (
				CB725F9829FDBBB3006334EB /* PostView.swift in Sources */,
				CB725F4829FBB487006334EB /* StorageServiceTests.swift in Sources */,
			);
			runOnlyForDeploymentPostprocessing = 0;
		};
/* End PBXSourcesBuildPhase section */

/* Begin PBXTargetDependency section */
		CB725F4329FBB486006334EB /* PBXTargetDependency */ = {
			isa = PBXTargetDependency;
			target = CB725F3629FBB486006334EB /* StorageService */;
			targetProxy = CB725F4229FBB486006334EB /* PBXContainerItemProxy */;
		};
		CB725F4529FBB487006334EB /* PBXTargetDependency */ = {
			isa = PBXTargetDependency;
			target = 1214F40E29B8B25A00E525F4 /* Navigation */;
			targetProxy = CB725F4429FBB487006334EB /* PBXContainerItemProxy */;
		};
		CB725F4B29FBB487006334EB /* PBXTargetDependency */ = {
			isa = PBXTargetDependency;
			target = CB725F3629FBB486006334EB /* StorageService */;
			targetProxy = CB725F4A29FBB487006334EB /* PBXContainerItemProxy */;
		};
/* End PBXTargetDependency section */

/* Begin PBXVariantGroup section */
		1214F41D29B8B25E00E525F4 /* LaunchScreen.storyboard */ = {
			isa = PBXVariantGroup;
			children = (
				1214F41E29B8B25E00E525F4 /* Base */,
				CB1C50322A8CB87C0044210A /* ru */,
			);
			name = LaunchScreen.storyboard;
			sourceTree = "<group>";
		};
		CB02BCC42A8CC50200C776C1 /* InfoPlist.strings */ = {
			isa = PBXVariantGroup;
			children = (
				CB02BCC32A8CC50200C776C1 /* ru */,
				CB02BCC52A8CC50600C776C1 /* en */,
			);
			name = InfoPlist.strings;
			sourceTree = "<group>";
		};
		CB825EB42A8D0CFA00F1CC20 /* Localizable.strings */ = {
			isa = PBXVariantGroup;
			children = (
				CB825EB32A8D0CFA00F1CC20 /* en */,
				CB825EB52A8D0CFF00F1CC20 /* ru */,
			);
			name = Localizable.strings;
			sourceTree = "<group>";
		};
		CB825EBA2A8D399200F1CC20 /* Localizable.stringsdict */ = {
			isa = PBXVariantGroup;
			children = (
				CB825EB92A8D399200F1CC20 /* en */,
				CB825EBB2A8D399300F1CC20 /* ru */,
			);
			name = Localizable.stringsdict;
			sourceTree = "<group>";
		};
/* End PBXVariantGroup section */

/* Begin XCBuildConfiguration section */
		1214F42129B8B25E00E525F4 /* Debug */ = {
			isa = XCBuildConfiguration;
			buildSettings = {
				ALWAYS_SEARCH_USER_PATHS = NO;
				CLANG_ANALYZER_LOCALIZABILITY_NONLOCALIZED = YES;
				CLANG_ANALYZER_NONNULL = YES;
				CLANG_ANALYZER_NUMBER_OBJECT_CONVERSION = YES_AGGRESSIVE;
				CLANG_CXX_LANGUAGE_STANDARD = "gnu++17";
				CLANG_CXX_LIBRARY = "libc++";
				CLANG_ENABLE_MODULES = YES;
				CLANG_ENABLE_OBJC_ARC = YES;
				CLANG_ENABLE_OBJC_WEAK = YES;
				CLANG_WARN_BLOCK_CAPTURE_AUTORELEASING = YES;
				CLANG_WARN_BOOL_CONVERSION = YES;
				CLANG_WARN_COMMA = YES;
				CLANG_WARN_CONSTANT_CONVERSION = YES;
				CLANG_WARN_DEPRECATED_OBJC_IMPLEMENTATIONS = YES;
				CLANG_WARN_DIRECT_OBJC_ISA_USAGE = YES_ERROR;
				CLANG_WARN_DOCUMENTATION_COMMENTS = YES;
				CLANG_WARN_EMPTY_BODY = YES;
				CLANG_WARN_ENUM_CONVERSION = YES;
				CLANG_WARN_INFINITE_RECURSION = YES;
				CLANG_WARN_INT_CONVERSION = YES;
				CLANG_WARN_NON_LITERAL_NULL_CONVERSION = YES;
				CLANG_WARN_OBJC_IMPLICIT_RETAIN_SELF = YES;
				CLANG_WARN_OBJC_LITERAL_CONVERSION = YES;
				CLANG_WARN_OBJC_ROOT_CLASS = YES_ERROR;
				CLANG_WARN_QUOTED_INCLUDE_IN_FRAMEWORK_HEADER = YES;
				CLANG_WARN_RANGE_LOOP_ANALYSIS = YES;
				CLANG_WARN_STRICT_PROTOTYPES = YES;
				CLANG_WARN_SUSPICIOUS_MOVE = YES;
				CLANG_WARN_UNGUARDED_AVAILABILITY = YES_AGGRESSIVE;
				CLANG_WARN_UNREACHABLE_CODE = YES;
				CLANG_WARN__DUPLICATE_METHOD_MATCH = YES;
				COPY_PHASE_STRIP = NO;
				DEBUG_INFORMATION_FORMAT = dwarf;
				ENABLE_STRICT_OBJC_MSGSEND = YES;
				ENABLE_TESTABILITY = YES;
				GCC_C_LANGUAGE_STANDARD = gnu11;
				GCC_DYNAMIC_NO_PIC = NO;
				GCC_NO_COMMON_BLOCKS = YES;
				GCC_OPTIMIZATION_LEVEL = 0;
				GCC_PREPROCESSOR_DEFINITIONS = (
					"DEBUG=1",
					"$(inherited)",
				);
				GCC_WARN_64_TO_32_BIT_CONVERSION = YES;
				GCC_WARN_ABOUT_RETURN_TYPE = YES_ERROR;
				GCC_WARN_UNDECLARED_SELECTOR = YES;
				GCC_WARN_UNINITIALIZED_AUTOS = YES_AGGRESSIVE;
				GCC_WARN_UNUSED_FUNCTION = YES;
				GCC_WARN_UNUSED_VARIABLE = YES;
				IPHONEOS_DEPLOYMENT_TARGET = 15.2;
				MTL_ENABLE_DEBUG_INFO = INCLUDE_SOURCE;
				MTL_FAST_MATH = YES;
				ONLY_ACTIVE_ARCH = YES;
				SDKROOT = iphoneos;
				SWIFT_ACTIVE_COMPILATION_CONDITIONS = DEBUG;
				SWIFT_OPTIMIZATION_LEVEL = "-Onone";
			};
			name = Debug;
		};
		1214F42229B8B25E00E525F4 /* Release */ = {
			isa = XCBuildConfiguration;
			buildSettings = {
				ALWAYS_SEARCH_USER_PATHS = NO;
				CLANG_ANALYZER_LOCALIZABILITY_NONLOCALIZED = YES;
				CLANG_ANALYZER_NONNULL = YES;
				CLANG_ANALYZER_NUMBER_OBJECT_CONVERSION = YES_AGGRESSIVE;
				CLANG_CXX_LANGUAGE_STANDARD = "gnu++17";
				CLANG_CXX_LIBRARY = "libc++";
				CLANG_ENABLE_MODULES = YES;
				CLANG_ENABLE_OBJC_ARC = YES;
				CLANG_ENABLE_OBJC_WEAK = YES;
				CLANG_WARN_BLOCK_CAPTURE_AUTORELEASING = YES;
				CLANG_WARN_BOOL_CONVERSION = YES;
				CLANG_WARN_COMMA = YES;
				CLANG_WARN_CONSTANT_CONVERSION = YES;
				CLANG_WARN_DEPRECATED_OBJC_IMPLEMENTATIONS = YES;
				CLANG_WARN_DIRECT_OBJC_ISA_USAGE = YES_ERROR;
				CLANG_WARN_DOCUMENTATION_COMMENTS = YES;
				CLANG_WARN_EMPTY_BODY = YES;
				CLANG_WARN_ENUM_CONVERSION = YES;
				CLANG_WARN_INFINITE_RECURSION = YES;
				CLANG_WARN_INT_CONVERSION = YES;
				CLANG_WARN_NON_LITERAL_NULL_CONVERSION = YES;
				CLANG_WARN_OBJC_IMPLICIT_RETAIN_SELF = YES;
				CLANG_WARN_OBJC_LITERAL_CONVERSION = YES;
				CLANG_WARN_OBJC_ROOT_CLASS = YES_ERROR;
				CLANG_WARN_QUOTED_INCLUDE_IN_FRAMEWORK_HEADER = YES;
				CLANG_WARN_RANGE_LOOP_ANALYSIS = YES;
				CLANG_WARN_STRICT_PROTOTYPES = YES;
				CLANG_WARN_SUSPICIOUS_MOVE = YES;
				CLANG_WARN_UNGUARDED_AVAILABILITY = YES_AGGRESSIVE;
				CLANG_WARN_UNREACHABLE_CODE = YES;
				CLANG_WARN__DUPLICATE_METHOD_MATCH = YES;
				COPY_PHASE_STRIP = NO;
				DEBUG_INFORMATION_FORMAT = "dwarf-with-dsym";
				ENABLE_NS_ASSERTIONS = NO;
				ENABLE_STRICT_OBJC_MSGSEND = YES;
				GCC_C_LANGUAGE_STANDARD = gnu11;
				GCC_NO_COMMON_BLOCKS = YES;
				GCC_WARN_64_TO_32_BIT_CONVERSION = YES;
				GCC_WARN_ABOUT_RETURN_TYPE = YES_ERROR;
				GCC_WARN_UNDECLARED_SELECTOR = YES;
				GCC_WARN_UNINITIALIZED_AUTOS = YES_AGGRESSIVE;
				GCC_WARN_UNUSED_FUNCTION = YES;
				GCC_WARN_UNUSED_VARIABLE = YES;
				IPHONEOS_DEPLOYMENT_TARGET = 15.2;
				MTL_ENABLE_DEBUG_INFO = NO;
				MTL_FAST_MATH = YES;
				SDKROOT = iphoneos;
				SWIFT_COMPILATION_MODE = wholemodule;
				SWIFT_OPTIMIZATION_LEVEL = "-O";
				VALIDATE_PRODUCT = YES;
			};
			name = Release;
		};
		1214F42429B8B25E00E525F4 /* Debug */ = {
			isa = XCBuildConfiguration;
			buildSettings = {
				ALWAYS_EMBED_SWIFT_STANDARD_LIBRARIES = YES;
				ASSETCATALOG_COMPILER_APPICON_NAME = AppIcon;
				ASSETCATALOG_COMPILER_GLOBAL_ACCENT_COLOR_NAME = AccentColor;
				CODE_SIGN_STYLE = Automatic;
				CURRENT_PROJECT_VERSION = 1;
				GENERATE_INFOPLIST_FILE = YES;
				INFOPLIST_FILE = Navigation/Info.plist;
				INFOPLIST_KEY_NSLocationWhenInUseUsageDescription = "Please check the probability of your choice";
				INFOPLIST_KEY_UIApplicationSupportsIndirectInputEvents = YES;
				INFOPLIST_KEY_UILaunchStoryboardName = LaunchScreen;
				INFOPLIST_KEY_UISupportedInterfaceOrientations = "UIInterfaceOrientationLandscapeLeft UIInterfaceOrientationLandscapeRight UIInterfaceOrientationPortrait";
				INFOPLIST_KEY_UISupportedInterfaceOrientations_iPad = "UIInterfaceOrientationLandscapeLeft UIInterfaceOrientationLandscapeRight UIInterfaceOrientationPortrait UIInterfaceOrientationPortraitUpsideDown";
				IPHONEOS_DEPLOYMENT_TARGET = 13.0;
				LD_RUNPATH_SEARCH_PATHS = (
					"$(inherited)",
					"@executable_path/Frameworks",
				);
				MARKETING_VERSION = 1.0;
				PRODUCT_BUNDLE_IDENTIFIER = com.Navigation;
				PRODUCT_NAME = "$(TARGET_NAME)";
				SWIFT_EMIT_LOC_STRINGS = YES;
				SWIFT_VERSION = 5.0;
				TARGETED_DEVICE_FAMILY = 1;
			};
			name = Debug;
		};
		1214F42529B8B25E00E525F4 /* Release */ = {
			isa = XCBuildConfiguration;
			buildSettings = {
				ALWAYS_EMBED_SWIFT_STANDARD_LIBRARIES = YES;
				ASSETCATALOG_COMPILER_APPICON_NAME = AppIcon;
				ASSETCATALOG_COMPILER_GLOBAL_ACCENT_COLOR_NAME = AccentColor;
				CODE_SIGN_STYLE = Automatic;
				CURRENT_PROJECT_VERSION = 1;
				GENERATE_INFOPLIST_FILE = YES;
				INFOPLIST_FILE = Navigation/Info.plist;
				INFOPLIST_KEY_NSLocationWhenInUseUsageDescription = "Please check the probability of your choice";
				INFOPLIST_KEY_UIApplicationSupportsIndirectInputEvents = YES;
				INFOPLIST_KEY_UILaunchStoryboardName = LaunchScreen;
				INFOPLIST_KEY_UISupportedInterfaceOrientations = "UIInterfaceOrientationLandscapeLeft UIInterfaceOrientationLandscapeRight UIInterfaceOrientationPortrait";
				INFOPLIST_KEY_UISupportedInterfaceOrientations_iPad = "UIInterfaceOrientationLandscapeLeft UIInterfaceOrientationLandscapeRight UIInterfaceOrientationPortrait UIInterfaceOrientationPortraitUpsideDown";
				IPHONEOS_DEPLOYMENT_TARGET = 13.0;
				LD_RUNPATH_SEARCH_PATHS = (
					"$(inherited)",
					"@executable_path/Frameworks",
				);
				MARKETING_VERSION = 1.0;
				PRODUCT_BUNDLE_IDENTIFIER = com.Navigation;
				PRODUCT_NAME = "$(TARGET_NAME)";
				SWIFT_EMIT_LOC_STRINGS = YES;
				SWIFT_VERSION = 5.0;
				TARGETED_DEVICE_FAMILY = 1;
			};
			name = Release;
		};
		CB725F4F29FBB487006334EB /* Debug */ = {
			isa = XCBuildConfiguration;
			buildSettings = {
				CLANG_CXX_LANGUAGE_STANDARD = "gnu++20";
				CODE_SIGN_STYLE = Automatic;
				CURRENT_PROJECT_VERSION = 1;
				DEFINES_MODULE = YES;
				DYLIB_COMPATIBILITY_VERSION = 1;
				DYLIB_CURRENT_VERSION = 1;
				DYLIB_INSTALL_NAME_BASE = "@rpath";
				GENERATE_INFOPLIST_FILE = YES;
				INFOPLIST_KEY_NSHumanReadableCopyright = "";
				INSTALL_PATH = "$(LOCAL_LIBRARY_DIR)/Frameworks";
				IPHONEOS_DEPLOYMENT_TARGET = 13.0;
				LD_RUNPATH_SEARCH_PATHS = (
					"$(inherited)",
					"@executable_path/Frameworks",
					"@loader_path/Frameworks",
				);
				MARKETING_VERSION = 1.0;
				PRODUCT_BUNDLE_IDENTIFIER = com.StorageService;
				PRODUCT_NAME = "$(TARGET_NAME:c99extidentifier)";
				SKIP_INSTALL = YES;
				SWIFT_EMIT_LOC_STRINGS = YES;
				SWIFT_VERSION = 5.0;
				TARGETED_DEVICE_FAMILY = "1,2";
				VERSIONING_SYSTEM = "apple-generic";
				VERSION_INFO_PREFIX = "";
			};
			name = Debug;
		};
		CB725F5029FBB487006334EB /* Release */ = {
			isa = XCBuildConfiguration;
			buildSettings = {
				CLANG_CXX_LANGUAGE_STANDARD = "gnu++20";
				CODE_SIGN_STYLE = Automatic;
				CURRENT_PROJECT_VERSION = 1;
				DEFINES_MODULE = YES;
				DYLIB_COMPATIBILITY_VERSION = 1;
				DYLIB_CURRENT_VERSION = 1;
				DYLIB_INSTALL_NAME_BASE = "@rpath";
				GENERATE_INFOPLIST_FILE = YES;
				INFOPLIST_KEY_NSHumanReadableCopyright = "";
				INSTALL_PATH = "$(LOCAL_LIBRARY_DIR)/Frameworks";
				IPHONEOS_DEPLOYMENT_TARGET = 13.0;
				LD_RUNPATH_SEARCH_PATHS = (
					"$(inherited)",
					"@executable_path/Frameworks",
					"@loader_path/Frameworks",
				);
				MARKETING_VERSION = 1.0;
				PRODUCT_BUNDLE_IDENTIFIER = com.StorageService;
				PRODUCT_NAME = "$(TARGET_NAME:c99extidentifier)";
				SKIP_INSTALL = YES;
				SWIFT_EMIT_LOC_STRINGS = YES;
				SWIFT_VERSION = 5.0;
				TARGETED_DEVICE_FAMILY = "1,2";
				VERSIONING_SYSTEM = "apple-generic";
				VERSION_INFO_PREFIX = "";
			};
			name = Release;
		};
		CB725F5129FBB487006334EB /* Debug */ = {
			isa = XCBuildConfiguration;
			buildSettings = {
				ALWAYS_EMBED_SWIFT_STANDARD_LIBRARIES = YES;
				CLANG_CXX_LANGUAGE_STANDARD = "gnu++20";
				CODE_SIGN_STYLE = Automatic;
				CURRENT_PROJECT_VERSION = 1;
				GENERATE_INFOPLIST_FILE = YES;
				IPHONEOS_DEPLOYMENT_TARGET = 13.0;
				MARKETING_VERSION = 1.0;
				PRODUCT_BUNDLE_IDENTIFIER = com.StorageServiceTests;
				PRODUCT_NAME = "$(TARGET_NAME)";
				SWIFT_EMIT_LOC_STRINGS = NO;
				SWIFT_VERSION = 5.0;
				TARGETED_DEVICE_FAMILY = "1,2";
				TEST_HOST = "$(BUILT_PRODUCTS_DIR)/Navigation.app/$(BUNDLE_EXECUTABLE_FOLDER_PATH)/Navigation";
			};
			name = Debug;
		};
		CB725F5229FBB487006334EB /* Release */ = {
			isa = XCBuildConfiguration;
			buildSettings = {
				ALWAYS_EMBED_SWIFT_STANDARD_LIBRARIES = YES;
				CLANG_CXX_LANGUAGE_STANDARD = "gnu++20";
				CODE_SIGN_STYLE = Automatic;
				CURRENT_PROJECT_VERSION = 1;
				GENERATE_INFOPLIST_FILE = YES;
				IPHONEOS_DEPLOYMENT_TARGET = 13.0;
				MARKETING_VERSION = 1.0;
				PRODUCT_BUNDLE_IDENTIFIER = com.StorageServiceTests;
				PRODUCT_NAME = "$(TARGET_NAME)";
				SWIFT_EMIT_LOC_STRINGS = NO;
				SWIFT_VERSION = 5.0;
				TARGETED_DEVICE_FAMILY = "1,2";
				TEST_HOST = "$(BUILT_PRODUCTS_DIR)/Navigation.app/$(BUNDLE_EXECUTABLE_FOLDER_PATH)/Navigation";
			};
			name = Release;
		};
/* End XCBuildConfiguration section */

/* Begin XCConfigurationList section */
		1214F40A29B8B25A00E525F4 /* Build configuration list for PBXProject "Navigation" */ = {
			isa = XCConfigurationList;
			buildConfigurations = (
				1214F42129B8B25E00E525F4 /* Debug */,
				1214F42229B8B25E00E525F4 /* Release */,
			);
			defaultConfigurationIsVisible = 0;
			defaultConfigurationName = Release;
		};
		1214F42329B8B25E00E525F4 /* Build configuration list for PBXNativeTarget "Navigation" */ = {
			isa = XCConfigurationList;
			buildConfigurations = (
				1214F42429B8B25E00E525F4 /* Debug */,
				1214F42529B8B25E00E525F4 /* Release */,
			);
			defaultConfigurationIsVisible = 0;
			defaultConfigurationName = Release;
		};
		CB725F5329FBB487006334EB /* Build configuration list for PBXNativeTarget "StorageService" */ = {
			isa = XCConfigurationList;
			buildConfigurations = (
				CB725F4F29FBB487006334EB /* Debug */,
				CB725F5029FBB487006334EB /* Release */,
			);
			defaultConfigurationIsVisible = 0;
			defaultConfigurationName = Release;
		};
		CB725F5429FBB487006334EB /* Build configuration list for PBXNativeTarget "StorageServiceTests" */ = {
			isa = XCConfigurationList;
			buildConfigurations = (
				CB725F5129FBB487006334EB /* Debug */,
				CB725F5229FBB487006334EB /* Release */,
			);
			defaultConfigurationIsVisible = 0;
			defaultConfigurationName = Release;
		};
/* End XCConfigurationList section */

/* Begin XCRemoteSwiftPackageReference section */
		CB19C8E92A57E0C00042E33A /* XCRemoteSwiftPackageReference "firebase-ios-sdk" */ = {
			isa = XCRemoteSwiftPackageReference;
			repositoryURL = "https://github.com/firebase/firebase-ios-sdk.git";
			requirement = {
				kind = upToNextMinorVersion;
				minimumVersion = 9.6.0;
			};
		};
		CB19C9212A5FEF1A0042E33A /* XCRemoteSwiftPackageReference "realm-swift" */ = {
			isa = XCRemoteSwiftPackageReference;
			repositoryURL = "https://github.com/realm/realm-swift";
			requirement = {
				kind = upToNextMinorVersion;
				minimumVersion = 10.41.0;
			};
		};
		CB50BB772A06AC4A00E1158A /* XCRemoteSwiftPackageReference "SnapKit" */ = {
			isa = XCRemoteSwiftPackageReference;
			repositoryURL = "https://github.com/SnapKit/SnapKit.git";
			requirement = {
				kind = upToNextMinorVersion;
				minimumVersion = 5.6.0;
			};
		};
		CB50BBA42A277A0800E1158A /* XCRemoteSwiftPackageReference "iOSIntPackage" */ = {
			isa = XCRemoteSwiftPackageReference;
			repositoryURL = "https://github.com/TrueMax/iOSIntPackage.git";
			requirement = {
				kind = exactVersion;
				version = 3.2.3;
			};
		};
/* End XCRemoteSwiftPackageReference section */

/* Begin XCSwiftPackageProductDependency section */
		CB19C8EA2A57E0C00042E33A /* FirebaseAuth */ = {
			isa = XCSwiftPackageProductDependency;
			package = CB19C8E92A57E0C00042E33A /* XCRemoteSwiftPackageReference "firebase-ios-sdk" */;
			productName = FirebaseAuth;
		};
		CB19C9222A5FEF1A0042E33A /* Realm */ = {
			isa = XCSwiftPackageProductDependency;
			package = CB19C9212A5FEF1A0042E33A /* XCRemoteSwiftPackageReference "realm-swift" */;
			productName = Realm;
		};
		CB19C9242A5FEF1A0042E33A /* RealmSwift */ = {
			isa = XCSwiftPackageProductDependency;
			package = CB19C9212A5FEF1A0042E33A /* XCRemoteSwiftPackageReference "realm-swift" */;
			productName = RealmSwift;
		};
		CB50BB782A06AC4A00E1158A /* SnapKit */ = {
			isa = XCSwiftPackageProductDependency;
			package = CB50BB772A06AC4A00E1158A /* XCRemoteSwiftPackageReference "SnapKit" */;
			productName = SnapKit;
		};
		CB50BBA52A277A0800E1158A /* iOSIntPackage */ = {
			isa = XCSwiftPackageProductDependency;
			package = CB50BBA42A277A0800E1158A /* XCRemoteSwiftPackageReference "iOSIntPackage" */;
			productName = iOSIntPackage;
		};
/* End XCSwiftPackageProductDependency section */

/* Begin XCVersionGroup section */
		CB19C94E2A728E2E0042E33A /* CoreDataProject.xcdatamodeld */ = {
			isa = XCVersionGroup;
			children = (
				CB19C94F2A728E2E0042E33A /* CoreDataProject.xcdatamodel */,
			);
			currentVersion = CB19C94F2A728E2E0042E33A /* CoreDataProject.xcdatamodel */;
			path = CoreDataProject.xcdatamodeld;
			sourceTree = "<group>";
			versionGroupType = wrapper.xcdatamodel;
		};
/* End XCVersionGroup section */
	};
	rootObject = 1214F40729B8B25A00E525F4 /* Project object */;
}
